// !$*UTF8*$!
{
	archiveVersion = 1;
	classes = {
	};
	objectVersion = 50;
	objects = {

/* Begin PBXBuildFile section */
		1A3571EE21900472001BAE76 /* KK.framework in Frameworks */ = {isa = PBXBuildFile; fileRef = 1A4502ED2186E4EA00F7F0E4 /* KK.framework */; };
		1A3571F0219004EF001BAE76 /* main in Resources */ = {isa = PBXBuildFile; fileRef = 1A3571EF219004EF001BAE76 /* main */; };
		1A35720F21916F62001BAE76 /* ViewController.m in Sources */ = {isa = PBXBuildFile; fileRef = 1A35720E21916F62001BAE76 /* ViewController.m */; };
		1A35722F21942514001BAE76 /* WKWebView+KKViewProtocol.h in Headers */ = {isa = PBXBuildFile; fileRef = 1A35722D21942514001BAE76 /* WKWebView+KKViewProtocol.h */; };
		1A35723021942514001BAE76 /* WKWebView+KKViewProtocol.mm in Sources */ = {isa = PBXBuildFile; fileRef = 1A35722E21942514001BAE76 /* WKWebView+KKViewProtocol.mm */; };
		1A3572332194258D001BAE76 /* UIScrollView+KKViewProtocol.h in Headers */ = {isa = PBXBuildFile; fileRef = 1A3572312194258D001BAE76 /* UIScrollView+KKViewProtocol.h */; };
		1A3572342194258D001BAE76 /* UIScrollView+KKViewProtocol.mm in Sources */ = {isa = PBXBuildFile; fileRef = 1A3572322194258D001BAE76 /* UIScrollView+KKViewProtocol.mm */; };
		1A357237219425D6001BAE76 /* UITextField+KKViewProtocol.h in Headers */ = {isa = PBXBuildFile; fileRef = 1A357235219425D6001BAE76 /* UITextField+KKViewProtocol.h */; };
		1A357238219425D6001BAE76 /* UITextField+KKViewProtocol.mm in Sources */ = {isa = PBXBuildFile; fileRef = 1A357236219425D6001BAE76 /* UITextField+KKViewProtocol.mm */; };
		1A35723B21942634001BAE76 /* UITextView+KKViewProtocol.h in Headers */ = {isa = PBXBuildFile; fileRef = 1A35723921942634001BAE76 /* UITextView+KKViewProtocol.h */; };
		1A35723C21942634001BAE76 /* UITextView+KKViewProtocol.mm in Sources */ = {isa = PBXBuildFile; fileRef = 1A35723A21942634001BAE76 /* UITextView+KKViewProtocol.mm */; };
		1A35723F2194340D001BAE76 /* KKCanvas.h in Headers */ = {isa = PBXBuildFile; fileRef = 1A35723D2194340D001BAE76 /* KKCanvas.h */; };
		1A3572402194340D001BAE76 /* KKCanvas.m in Sources */ = {isa = PBXBuildFile; fileRef = 1A35723E2194340D001BAE76 /* KKCanvas.m */; };
		1A4502F22186E4EA00F7F0E4 /* KK.h in Headers */ = {isa = PBXBuildFile; fileRef = 1A4502F02186E4EA00F7F0E4 /* KK.h */; settings = {ATTRIBUTES = (Public, ); }; };
		1A4503122186E50700F7F0E4 /* archiver.h in Headers */ = {isa = PBXBuildFile; fileRef = 1A4502F92186E50600F7F0E4 /* archiver.h */; };
		1A4503132186E50700F7F0E4 /* document.cc in Sources */ = {isa = PBXBuildFile; fileRef = 1A4502FA2186E50600F7F0E4 /* document.cc */; };
		1A4503142186E50700F7F0E4 /* element.h in Headers */ = {isa = PBXBuildFile; fileRef = 1A4502FB2186E50600F7F0E4 /* element.h */; };
		1A4503152186E50700F7F0E4 /* archiver.cc in Sources */ = {isa = PBXBuildFile; fileRef = 1A4502FC2186E50700F7F0E4 /* archiver.cc */; };
		1A4503162186E50700F7F0E4 /* document.h in Headers */ = {isa = PBXBuildFile; fileRef = 1A4502FD2186E50700F7F0E4 /* document.h */; };
		1A4503172186E50700F7F0E4 /* element.cc in Sources */ = {isa = PBXBuildFile; fileRef = 1A4502FE2186E50700F7F0E4 /* element.cc */; };
		1A4503182186E50700F7F0E4 /* bio.h in Headers */ = {isa = PBXBuildFile; fileRef = 1A4503002186E50700F7F0E4 /* bio.h */; };
		1A4503192186E50700F7F0E4 /* event.h in Headers */ = {isa = PBXBuildFile; fileRef = 1A4503012186E50700F7F0E4 /* event.h */; };
		1A45031A2186E50700F7F0E4 /* kk.h in Headers */ = {isa = PBXBuildFile; fileRef = 1A4503022186E50700F7F0E4 /* kk.h */; };
		1A45031B2186E50700F7F0E4 /* bio.cc in Sources */ = {isa = PBXBuildFile; fileRef = 1A4503032186E50700F7F0E4 /* bio.cc */; };
		1A45031C2186E50700F7F0E4 /* kk.cc in Sources */ = {isa = PBXBuildFile; fileRef = 1A4503042186E50700F7F0E4 /* kk.cc */; };
		1A45031D2186E50700F7F0E4 /* jit.h in Headers */ = {isa = PBXBuildFile; fileRef = 1A4503052186E50700F7F0E4 /* jit.h */; };
		1A45031F2186E50700F7F0E4 /* dispatch.h in Headers */ = {isa = PBXBuildFile; fileRef = 1A4503072186E50700F7F0E4 /* dispatch.h */; };
		1A4503202186E50700F7F0E4 /* event.cc in Sources */ = {isa = PBXBuildFile; fileRef = 1A4503082186E50700F7F0E4 /* event.cc */; };
		1A4503212186E50700F7F0E4 /* jit.cc in Sources */ = {isa = PBXBuildFile; fileRef = 1A4503092186E50700F7F0E4 /* jit.cc */; };
		1A4503222186E50700F7F0E4 /* ui.h in Headers */ = {isa = PBXBuildFile; fileRef = 1A45030C2186E50700F7F0E4 /* ui.h */; };
		1A4503232186E50700F7F0E4 /* view.cc in Sources */ = {isa = PBXBuildFile; fileRef = 1A45030D2186E50700F7F0E4 /* view.cc */; };
		1A4503242186E50700F7F0E4 /* view.h in Headers */ = {isa = PBXBuildFile; fileRef = 1A45030E2186E50700F7F0E4 /* view.h */; };
		1A4503252186E50700F7F0E4 /* ui.cc in Sources */ = {isa = PBXBuildFile; fileRef = 1A45030F2186E50700F7F0E4 /* ui.cc */; };
		1A4503262186E50700F7F0E4 /* CGContext.cc in Sources */ = {isa = PBXBuildFile; fileRef = 1A4503102186E50700F7F0E4 /* CGContext.cc */; };
		1A4503272186E50700F7F0E4 /* CGContext.h in Headers */ = {isa = PBXBuildFile; fileRef = 1A4503112186E50700F7F0E4 /* CGContext.h */; };
		1A45032E2186E54D00F7F0E4 /* duk_config.h in Headers */ = {isa = PBXBuildFile; fileRef = 1A4503292186E54D00F7F0E4 /* duk_config.h */; };
		1A4503302186E54D00F7F0E4 /* duktape.h in Headers */ = {isa = PBXBuildFile; fileRef = 1A45032B2186E54D00F7F0E4 /* duktape.h */; };
		1A4503322186E54D00F7F0E4 /* duktape.c in Sources */ = {isa = PBXBuildFile; fileRef = 1A45032D2186E54D00F7F0E4 /* duktape.c */; };
		1A4503352186E67200F7F0E4 /* CGContext.mm in Sources */ = {isa = PBXBuildFile; fileRef = 1A4503342186E67200F7F0E4 /* CGContext.mm */; };
		1AB081F3218BF424003835D4 /* KKObject.h in Headers */ = {isa = PBXBuildFile; fileRef = 1AB081F1218BF424003835D4 /* KKObject.h */; };
		1AB081F4218BF424003835D4 /* KKObject.mm in Sources */ = {isa = PBXBuildFile; fileRef = 1AB081F2218BF424003835D4 /* KKObject.mm */; };
		1AB8D9D02186FE0C00909DFF /* KKViewProtocol.h in Headers */ = {isa = PBXBuildFile; fileRef = 1AB8D9CF2186FE0C00909DFF /* KKViewProtocol.h */; settings = {ATTRIBUTES = (Public, ); }; };
		1AB8D9F02187194000909DFF /* app.cc in Sources */ = {isa = PBXBuildFile; fileRef = 1AB8D9EF2187194000909DFF /* app.cc */; };
		1AB8DA1521897B6200909DFF /* AppDelegate.m in Sources */ = {isa = PBXBuildFile; fileRef = 1AB8DA1421897B6200909DFF /* AppDelegate.m */; };
		1AB8DA1B21897B6200909DFF /* Main.storyboard in Resources */ = {isa = PBXBuildFile; fileRef = 1AB8DA1921897B6200909DFF /* Main.storyboard */; };
		1AB8DA1D21897B6400909DFF /* Assets.xcassets in Resources */ = {isa = PBXBuildFile; fileRef = 1AB8DA1C21897B6400909DFF /* Assets.xcassets */; };
		1AB8DA2021897B6400909DFF /* LaunchScreen.storyboard in Resources */ = {isa = PBXBuildFile; fileRef = 1AB8DA1E21897B6400909DFF /* LaunchScreen.storyboard */; };
		1AB8DA2321897B6500909DFF /* main.m in Sources */ = {isa = PBXBuildFile; fileRef = 1AB8DA2221897B6500909DFF /* main.m */; };
		1AB8DA2B21897BC200909DFF /* KKApp.h in Headers */ = {isa = PBXBuildFile; fileRef = 1AB8DA2921897BC200909DFF /* KKApp.h */; settings = {ATTRIBUTES = (Public, ); }; };
		1AB8DA2C21897BC200909DFF /* KKApp.mm in Sources */ = {isa = PBXBuildFile; fileRef = 1AB8DA2A21897BC200909DFF /* KKApp.mm */; };
		1AB8DA302189839300909DFF /* UIView+KKViewProtocol.h in Headers */ = {isa = PBXBuildFile; fileRef = 1AB8DA2E2189839300909DFF /* UIView+KKViewProtocol.h */; settings = {ATTRIBUTES = (Public, ); }; };
		1AB8DA312189839300909DFF /* UIView+KKViewProtocol.mm in Sources */ = {isa = PBXBuildFile; fileRef = 1AB8DA2F2189839300909DFF /* UIView+KKViewProtocol.mm */; };
		1AB8DA342189857E00909DFF /* page.cc in Sources */ = {isa = PBXBuildFile; fileRef = 1AB8DA332189857E00909DFF /* page.cc */; };
		1AB8DA3721898DF500909DFF /* KKPage.h in Headers */ = {isa = PBXBuildFile; fileRef = 1AB8DA3521898DF500909DFF /* KKPage.h */; settings = {ATTRIBUTES = (Public, ); }; };
		1AB8DA3821898DF500909DFF /* KKPage.mm in Sources */ = {isa = PBXBuildFile; fileRef = 1AB8DA3621898DF500909DFF /* KKPage.mm */; };
		1AB8DA3D218992E200909DFF /* KKPageViewController.h in Headers */ = {isa = PBXBuildFile; fileRef = 1AB8DA3B218992E200909DFF /* KKPageViewController.h */; settings = {ATTRIBUTES = (Public, ); }; };
		1AB8DA3E218992E200909DFF /* KKPageViewController.m in Sources */ = {isa = PBXBuildFile; fileRef = 1AB8DA3C218992E200909DFF /* KKPageViewController.m */; };
		1AB8DA412189C58D00909DFF /* timer.cc in Sources */ = {isa = PBXBuildFile; fileRef = 1AB8DA402189C58D00909DFF /* timer.cc */; };
		1AC10E8D2186EE0E006C5D5C /* Image.mm in Sources */ = {isa = PBXBuildFile; fileRef = 1AC10E8C2186EE0E006C5D5C /* Image.mm */; };
		1AC3A1F4218AAEAF003563DF /* KK.framework in Embed Frameworks */ = {isa = PBXBuildFile; fileRef = 1A4502ED2186E4EA00F7F0E4 /* KK.framework */; settings = {ATTRIBUTES = (CodeSignOnCopy, RemoveHeadersOnCopy, ); }; };
		1AC3A1F7218AAF65003563DF /* libc++.tbd in Frameworks */ = {isa = PBXBuildFile; fileRef = 1AC3A1F6218AAF65003563DF /* libc++.tbd */; };
		1AC3A216218ABEC6003563DF /* WebKit.framework in Frameworks */ = {isa = PBXBuildFile; fileRef = 1AC3A215218ABEC6003563DF /* WebKit.framework */; };
		1AF639852186F49B00557AD3 /* CoreGraphics.framework in Frameworks */ = {isa = PBXBuildFile; fileRef = 1AF639842186F49B00557AD3 /* CoreGraphics.framework */; };
		1AF639872186FBAD00557AD3 /* UIKit.framework in Frameworks */ = {isa = PBXBuildFile; fileRef = 1AF639862186FBAD00557AD3 /* UIKit.framework */; };
		1AF639892186FC1800557AD3 /* View.mm in Sources */ = {isa = PBXBuildFile; fileRef = 1AF639882186FC1800557AD3 /* View.mm */; };
		ACB9EF662187D198002FFAA0 /* dispatch-GCD.cc in Sources */ = {isa = PBXBuildFile; fileRef = ACB9EF652187D197002FFAA0 /* dispatch-GCD.cc */; };
/* End PBXBuildFile section */

/* Begin PBXContainerItemProxy section */
		1AB8DA2721897B7100909DFF /* PBXContainerItemProxy */ = {
			isa = PBXContainerItemProxy;
			containerPortal = 1A4502E42186E4E900F7F0E4 /* Project object */;
			proxyType = 1;
			remoteGlobalIDString = 1A4502EC2186E4EA00F7F0E4;
			remoteInfo = KK;
		};
/* End PBXContainerItemProxy section */

/* Begin PBXCopyFilesBuildPhase section */
		1AC3A1F5218AAEAF003563DF /* Embed Frameworks */ = {
			isa = PBXCopyFilesBuildPhase;
			buildActionMask = 2147483647;
			dstPath = "";
			dstSubfolderSpec = 10;
			files = (
				1AC3A1F4218AAEAF003563DF /* KK.framework in Embed Frameworks */,
			);
			name = "Embed Frameworks";
			runOnlyForDeploymentPostprocessing = 0;
		};
/* End PBXCopyFilesBuildPhase section */

/* Begin PBXFileReference section */
		1A3571EF219004EF001BAE76 /* main */ = {isa = PBXFileReference; lastKnownFileType = folder; name = main; path = ../wx/main; sourceTree = SOURCE_ROOT; };
		1A35720D21916F62001BAE76 /* ViewController.h */ = {isa = PBXFileReference; lastKnownFileType = sourcecode.c.h; path = ViewController.h; sourceTree = "<group>"; };
		1A35720E21916F62001BAE76 /* ViewController.m */ = {isa = PBXFileReference; lastKnownFileType = sourcecode.c.objc; path = ViewController.m; sourceTree = "<group>"; };
		1A35722D21942514001BAE76 /* WKWebView+KKViewProtocol.h */ = {isa = PBXFileReference; lastKnownFileType = sourcecode.c.h; path = "WKWebView+KKViewProtocol.h"; sourceTree = "<group>"; };
		1A35722E21942514001BAE76 /* WKWebView+KKViewProtocol.mm */ = {isa = PBXFileReference; lastKnownFileType = sourcecode.cpp.objcpp; path = "WKWebView+KKViewProtocol.mm"; sourceTree = "<group>"; };
		1A3572312194258D001BAE76 /* UIScrollView+KKViewProtocol.h */ = {isa = PBXFileReference; lastKnownFileType = sourcecode.c.h; path = "UIScrollView+KKViewProtocol.h"; sourceTree = "<group>"; };
		1A3572322194258D001BAE76 /* UIScrollView+KKViewProtocol.mm */ = {isa = PBXFileReference; lastKnownFileType = sourcecode.cpp.objcpp; path = "UIScrollView+KKViewProtocol.mm"; sourceTree = "<group>"; };
		1A357235219425D6001BAE76 /* UITextField+KKViewProtocol.h */ = {isa = PBXFileReference; lastKnownFileType = sourcecode.c.h; path = "UITextField+KKViewProtocol.h"; sourceTree = "<group>"; };
		1A357236219425D6001BAE76 /* UITextField+KKViewProtocol.mm */ = {isa = PBXFileReference; lastKnownFileType = sourcecode.cpp.objcpp; path = "UITextField+KKViewProtocol.mm"; sourceTree = "<group>"; };
		1A35723921942634001BAE76 /* UITextView+KKViewProtocol.h */ = {isa = PBXFileReference; lastKnownFileType = sourcecode.c.h; path = "UITextView+KKViewProtocol.h"; sourceTree = "<group>"; };
		1A35723A21942634001BAE76 /* UITextView+KKViewProtocol.mm */ = {isa = PBXFileReference; lastKnownFileType = sourcecode.cpp.objcpp; path = "UITextView+KKViewProtocol.mm"; sourceTree = "<group>"; };
		1A35723D2194340D001BAE76 /* KKCanvas.h */ = {isa = PBXFileReference; lastKnownFileType = sourcecode.c.h; path = KKCanvas.h; sourceTree = "<group>"; };
		1A35723E2194340D001BAE76 /* KKCanvas.m */ = {isa = PBXFileReference; lastKnownFileType = sourcecode.c.objc; path = KKCanvas.m; sourceTree = "<group>"; };
		1A357241219439D5001BAE76 /* container.h */ = {isa = PBXFileReference; lastKnownFileType = sourcecode.c.h; path = container.h; sourceTree = "<group>"; };
		1A4502ED2186E4EA00F7F0E4 /* KK.framework */ = {isa = PBXFileReference; explicitFileType = wrapper.framework; includeInIndex = 0; path = KK.framework; sourceTree = BUILT_PRODUCTS_DIR; };
		1A4502F02186E4EA00F7F0E4 /* KK.h */ = {isa = PBXFileReference; lastKnownFileType = sourcecode.c.h; path = KK.h; sourceTree = "<group>"; };
		1A4502F12186E4EA00F7F0E4 /* Info.plist */ = {isa = PBXFileReference; lastKnownFileType = text.plist.xml; path = Info.plist; sourceTree = "<group>"; };
		1A4502F92186E50600F7F0E4 /* archiver.h */ = {isa = PBXFileReference; fileEncoding = 4; lastKnownFileType = sourcecode.c.h; path = archiver.h; sourceTree = "<group>"; };
		1A4502FA2186E50600F7F0E4 /* document.cc */ = {isa = PBXFileReference; fileEncoding = 4; lastKnownFileType = sourcecode.cpp.cpp; path = document.cc; sourceTree = "<group>"; };
		1A4502FB2186E50600F7F0E4 /* element.h */ = {isa = PBXFileReference; fileEncoding = 4; lastKnownFileType = sourcecode.c.h; path = element.h; sourceTree = "<group>"; };
		1A4502FC2186E50700F7F0E4 /* archiver.cc */ = {isa = PBXFileReference; fileEncoding = 4; lastKnownFileType = sourcecode.cpp.cpp; path = archiver.cc; sourceTree = "<group>"; };
		1A4502FD2186E50700F7F0E4 /* document.h */ = {isa = PBXFileReference; fileEncoding = 4; lastKnownFileType = sourcecode.c.h; path = document.h; sourceTree = "<group>"; };
		1A4502FE2186E50700F7F0E4 /* element.cc */ = {isa = PBXFileReference; fileEncoding = 4; lastKnownFileType = sourcecode.cpp.cpp; path = element.cc; sourceTree = "<group>"; };
		1A4503002186E50700F7F0E4 /* bio.h */ = {isa = PBXFileReference; fileEncoding = 4; lastKnownFileType = sourcecode.c.h; path = bio.h; sourceTree = "<group>"; };
		1A4503012186E50700F7F0E4 /* event.h */ = {isa = PBXFileReference; fileEncoding = 4; lastKnownFileType = sourcecode.c.h; path = event.h; sourceTree = "<group>"; };
		1A4503022186E50700F7F0E4 /* kk.h */ = {isa = PBXFileReference; fileEncoding = 4; lastKnownFileType = sourcecode.c.h; path = kk.h; sourceTree = "<group>"; };
		1A4503032186E50700F7F0E4 /* bio.cc */ = {isa = PBXFileReference; fileEncoding = 4; lastKnownFileType = sourcecode.cpp.cpp; path = bio.cc; sourceTree = "<group>"; };
		1A4503042186E50700F7F0E4 /* kk.cc */ = {isa = PBXFileReference; fileEncoding = 4; lastKnownFileType = sourcecode.cpp.cpp; path = kk.cc; sourceTree = "<group>"; };
		1A4503052186E50700F7F0E4 /* jit.h */ = {isa = PBXFileReference; fileEncoding = 4; lastKnownFileType = sourcecode.c.h; path = jit.h; sourceTree = "<group>"; };
		1A4503072186E50700F7F0E4 /* dispatch.h */ = {isa = PBXFileReference; fileEncoding = 4; lastKnownFileType = sourcecode.c.h; path = dispatch.h; sourceTree = "<group>"; };
		1A4503082186E50700F7F0E4 /* event.cc */ = {isa = PBXFileReference; fileEncoding = 4; lastKnownFileType = sourcecode.cpp.cpp; path = event.cc; sourceTree = "<group>"; };
		1A4503092186E50700F7F0E4 /* jit.cc */ = {isa = PBXFileReference; fileEncoding = 4; lastKnownFileType = sourcecode.cpp.cpp; path = jit.cc; sourceTree = "<group>"; };
		1A45030C2186E50700F7F0E4 /* ui.h */ = {isa = PBXFileReference; fileEncoding = 4; lastKnownFileType = sourcecode.c.h; path = ui.h; sourceTree = "<group>"; };
		1A45030D2186E50700F7F0E4 /* view.cc */ = {isa = PBXFileReference; fileEncoding = 4; lastKnownFileType = sourcecode.cpp.cpp; path = view.cc; sourceTree = "<group>"; };
		1A45030E2186E50700F7F0E4 /* view.h */ = {isa = PBXFileReference; fileEncoding = 4; lastKnownFileType = sourcecode.c.h; path = view.h; sourceTree = "<group>"; };
		1A45030F2186E50700F7F0E4 /* ui.cc */ = {isa = PBXFileReference; fileEncoding = 4; lastKnownFileType = sourcecode.cpp.cpp; path = ui.cc; sourceTree = "<group>"; };
		1A4503102186E50700F7F0E4 /* CGContext.cc */ = {isa = PBXFileReference; fileEncoding = 4; lastKnownFileType = sourcecode.cpp.cpp; path = CGContext.cc; sourceTree = "<group>"; };
		1A4503112186E50700F7F0E4 /* CGContext.h */ = {isa = PBXFileReference; fileEncoding = 4; lastKnownFileType = sourcecode.c.h; path = CGContext.h; sourceTree = "<group>"; };
		1A4503292186E54D00F7F0E4 /* duk_config.h */ = {isa = PBXFileReference; fileEncoding = 4; lastKnownFileType = sourcecode.c.h; path = duk_config.h; sourceTree = "<group>"; };
		1A45032A2186E54D00F7F0E4 /* duk_config_debug.h */ = {isa = PBXFileReference; fileEncoding = 4; lastKnownFileType = sourcecode.c.h; path = duk_config_debug.h; sourceTree = "<group>"; };
		1A45032B2186E54D00F7F0E4 /* duktape.h */ = {isa = PBXFileReference; fileEncoding = 4; lastKnownFileType = sourcecode.c.h; path = duktape.h; sourceTree = "<group>"; };
		1A45032D2186E54D00F7F0E4 /* duktape.c */ = {isa = PBXFileReference; fileEncoding = 4; lastKnownFileType = sourcecode.c.c; path = duktape.c; sourceTree = "<group>"; };
		1A4503342186E67200F7F0E4 /* CGContext.mm */ = {isa = PBXFileReference; lastKnownFileType = sourcecode.cpp.objcpp; path = CGContext.mm; sourceTree = "<group>"; };
		1AB081F1218BF424003835D4 /* KKObject.h */ = {isa = PBXFileReference; lastKnownFileType = sourcecode.c.h; path = KKObject.h; sourceTree = "<group>"; };
		1AB081F2218BF424003835D4 /* KKObject.mm */ = {isa = PBXFileReference; lastKnownFileType = sourcecode.cpp.objcpp; path = KKObject.mm; sourceTree = "<group>"; };
		1AB8D9CF2186FE0C00909DFF /* KKViewProtocol.h */ = {isa = PBXFileReference; lastKnownFileType = sourcecode.c.h; path = KKViewProtocol.h; sourceTree = "<group>"; };
		1AB8D9ED21870CEA00909DFF /* UI.h */ = {isa = PBXFileReference; lastKnownFileType = sourcecode.c.h; path = UI.h; sourceTree = "<group>"; };
		1AB8D9EE2187193600909DFF /* app.h */ = {isa = PBXFileReference; lastKnownFileType = sourcecode.c.h; path = app.h; sourceTree = "<group>"; };
		1AB8D9EF2187194000909DFF /* app.cc */ = {isa = PBXFileReference; lastKnownFileType = sourcecode.cpp.cpp; path = app.cc; sourceTree = "<group>"; };
		1AB8DA1121897B6100909DFF /* Demo.app */ = {isa = PBXFileReference; explicitFileType = wrapper.application; includeInIndex = 0; path = Demo.app; sourceTree = BUILT_PRODUCTS_DIR; };
		1AB8DA1321897B6200909DFF /* AppDelegate.h */ = {isa = PBXFileReference; lastKnownFileType = sourcecode.c.h; path = AppDelegate.h; sourceTree = "<group>"; };
		1AB8DA1421897B6200909DFF /* AppDelegate.m */ = {isa = PBXFileReference; lastKnownFileType = sourcecode.c.objc; path = AppDelegate.m; sourceTree = "<group>"; };
		1AB8DA1A21897B6200909DFF /* Base */ = {isa = PBXFileReference; lastKnownFileType = file.storyboard; name = Base; path = Base.lproj/Main.storyboard; sourceTree = "<group>"; };
		1AB8DA1C21897B6400909DFF /* Assets.xcassets */ = {isa = PBXFileReference; lastKnownFileType = folder.assetcatalog; path = Assets.xcassets; sourceTree = "<group>"; };
		1AB8DA1F21897B6400909DFF /* Base */ = {isa = PBXFileReference; lastKnownFileType = file.storyboard; name = Base; path = Base.lproj/LaunchScreen.storyboard; sourceTree = "<group>"; };
		1AB8DA2121897B6400909DFF /* Info.plist */ = {isa = PBXFileReference; lastKnownFileType = text.plist.xml; path = Info.plist; sourceTree = "<group>"; };
		1AB8DA2221897B6500909DFF /* main.m */ = {isa = PBXFileReference; lastKnownFileType = sourcecode.c.objc; path = main.m; sourceTree = "<group>"; };
		1AB8DA2921897BC200909DFF /* KKApp.h */ = {isa = PBXFileReference; lastKnownFileType = sourcecode.c.h; path = KKApp.h; sourceTree = "<group>"; };
		1AB8DA2A21897BC200909DFF /* KKApp.mm */ = {isa = PBXFileReference; lastKnownFileType = sourcecode.cpp.objcpp; path = KKApp.mm; sourceTree = "<group>"; };
		1AB8DA2E2189839300909DFF /* UIView+KKViewProtocol.h */ = {isa = PBXFileReference; lastKnownFileType = sourcecode.c.h; path = "UIView+KKViewProtocol.h"; sourceTree = "<group>"; };
		1AB8DA2F2189839300909DFF /* UIView+KKViewProtocol.mm */ = {isa = PBXFileReference; lastKnownFileType = sourcecode.cpp.objcpp; path = "UIView+KKViewProtocol.mm"; sourceTree = "<group>"; };
		1AB8DA32218984EF00909DFF /* page.h */ = {isa = PBXFileReference; lastKnownFileType = sourcecode.c.h; path = page.h; sourceTree = "<group>"; };
		1AB8DA332189857E00909DFF /* page.cc */ = {isa = PBXFileReference; lastKnownFileType = sourcecode.cpp.cpp; path = page.cc; sourceTree = "<group>"; };
		1AB8DA3521898DF500909DFF /* KKPage.h */ = {isa = PBXFileReference; lastKnownFileType = sourcecode.c.h; path = KKPage.h; sourceTree = "<group>"; };
		1AB8DA3621898DF500909DFF /* KKPage.mm */ = {isa = PBXFileReference; lastKnownFileType = sourcecode.cpp.objcpp; path = KKPage.mm; sourceTree = "<group>"; };
		1AB8DA3B218992E200909DFF /* KKPageViewController.h */ = {isa = PBXFileReference; lastKnownFileType = sourcecode.c.h; path = KKPageViewController.h; sourceTree = "<group>"; };
		1AB8DA3C218992E200909DFF /* KKPageViewController.m */ = {isa = PBXFileReference; lastKnownFileType = sourcecode.c.objc; path = KKPageViewController.m; sourceTree = "<group>"; };
		1AB8DA3F2189C41900909DFF /* timer.h */ = {isa = PBXFileReference; lastKnownFileType = sourcecode.c.h; path = timer.h; sourceTree = "<group>"; };
		1AB8DA402189C58D00909DFF /* timer.cc */ = {isa = PBXFileReference; lastKnownFileType = sourcecode.cpp.cpp; path = timer.cc; sourceTree = "<group>"; };
		1AC10E8C2186EE0E006C5D5C /* Image.mm */ = {isa = PBXFileReference; lastKnownFileType = sourcecode.cpp.objcpp; path = Image.mm; sourceTree = "<group>"; };
		1AC3A1F6218AAF65003563DF /* libc++.tbd */ = {isa = PBXFileReference; lastKnownFileType = "sourcecode.text-based-dylib-definition"; name = "libc++.tbd"; path = "usr/lib/libc++.tbd"; sourceTree = SDKROOT; };
		1AC3A215218ABEC6003563DF /* WebKit.framework */ = {isa = PBXFileReference; lastKnownFileType = wrapper.framework; name = WebKit.framework; path = System/Library/Frameworks/WebKit.framework; sourceTree = SDKROOT; };
		1AF639842186F49B00557AD3 /* CoreGraphics.framework */ = {isa = PBXFileReference; lastKnownFileType = wrapper.framework; name = CoreGraphics.framework; path = System/Library/Frameworks/CoreGraphics.framework; sourceTree = SDKROOT; };
		1AF639862186FBAD00557AD3 /* UIKit.framework */ = {isa = PBXFileReference; lastKnownFileType = wrapper.framework; name = UIKit.framework; path = System/Library/Frameworks/UIKit.framework; sourceTree = SDKROOT; };
		1AF639882186FC1800557AD3 /* View.mm */ = {isa = PBXFileReference; lastKnownFileType = sourcecode.cpp.objcpp; path = View.mm; sourceTree = "<group>"; };
		ACB9EF652187D197002FFAA0 /* dispatch-GCD.cc */ = {isa = PBXFileReference; fileEncoding = 4; lastKnownFileType = sourcecode.cpp.cpp; path = "dispatch-GCD.cc"; sourceTree = "<group>"; };
/* End PBXFileReference section */

/* Begin PBXFrameworksBuildPhase section */
		1A4502EA2186E4EA00F7F0E4 /* Frameworks */ = {
			isa = PBXFrameworksBuildPhase;
			buildActionMask = 2147483647;
			files = (
				1AC3A216218ABEC6003563DF /* WebKit.framework in Frameworks */,
				1AF639872186FBAD00557AD3 /* UIKit.framework in Frameworks */,
				1AF639852186F49B00557AD3 /* CoreGraphics.framework in Frameworks */,
			);
			runOnlyForDeploymentPostprocessing = 0;
		};
		1AB8DA0E21897B6100909DFF /* Frameworks */ = {
			isa = PBXFrameworksBuildPhase;
			buildActionMask = 2147483647;
			files = (
				1AC3A1F7218AAF65003563DF /* libc++.tbd in Frameworks */,
				1A3571EE21900472001BAE76 /* KK.framework in Frameworks */,
			);
			runOnlyForDeploymentPostprocessing = 0;
		};
/* End PBXFrameworksBuildPhase section */

/* Begin PBXGroup section */
		1A4502E32186E4E900F7F0E4 = {
			isa = PBXGroup;
			children = (
				1A4502EF2186E4EA00F7F0E4 /* KK */,
				1AB8DA1221897B6200909DFF /* Demo */,
				1A4502EE2186E4EA00F7F0E4 /* Products */,
				1AF639832186F49B00557AD3 /* Frameworks */,
			);
			sourceTree = "<group>";
		};
		1A4502EE2186E4EA00F7F0E4 /* Products */ = {
			isa = PBXGroup;
			children = (
				1A4502ED2186E4EA00F7F0E4 /* KK.framework */,
				1AB8DA1121897B6100909DFF /* Demo.app */,
			);
			name = Products;
			sourceTree = "<group>";
		};
		1A4502EF2186E4EA00F7F0E4 /* KK */ = {
			isa = PBXGroup;
			children = (
				1A4503282186E54D00F7F0E4 /* duktape */,
				1A4502FF2186E50700F7F0E4 /* core */,
				1A4502F82186E50600F7F0E4 /* document */,
				1A45030B2186E50700F7F0E4 /* ui */,
				1A4502F02186E4EA00F7F0E4 /* KK.h */,
				1AB8D9CF2186FE0C00909DFF /* KKViewProtocol.h */,
				1A4503342186E67200F7F0E4 /* CGContext.mm */,
				1AB8D9ED21870CEA00909DFF /* UI.h */,
				1AC10E8C2186EE0E006C5D5C /* Image.mm */,
				1AF639882186FC1800557AD3 /* View.mm */,
				1A4502F12186E4EA00F7F0E4 /* Info.plist */,
				1AB081F1218BF424003835D4 /* KKObject.h */,
				1AB081F2218BF424003835D4 /* KKObject.mm */,
				1AB8DA2921897BC200909DFF /* KKApp.h */,
				1AB8DA2A21897BC200909DFF /* KKApp.mm */,
				1AB8DA3521898DF500909DFF /* KKPage.h */,
				1AB8DA3621898DF500909DFF /* KKPage.mm */,
				1AB8DA3B218992E200909DFF /* KKPageViewController.h */,
				1AB8DA3C218992E200909DFF /* KKPageViewController.m */,
				1AB8DA2E2189839300909DFF /* UIView+KKViewProtocol.h */,
				1AB8DA2F2189839300909DFF /* UIView+KKViewProtocol.mm */,
				1A35722D21942514001BAE76 /* WKWebView+KKViewProtocol.h */,
				1A35722E21942514001BAE76 /* WKWebView+KKViewProtocol.mm */,
				1A3572312194258D001BAE76 /* UIScrollView+KKViewProtocol.h */,
				1A3572322194258D001BAE76 /* UIScrollView+KKViewProtocol.mm */,
				1A357235219425D6001BAE76 /* UITextField+KKViewProtocol.h */,
				1A357236219425D6001BAE76 /* UITextField+KKViewProtocol.mm */,
				1A35723921942634001BAE76 /* UITextView+KKViewProtocol.h */,
				1A35723A21942634001BAE76 /* UITextView+KKViewProtocol.mm */,
				1A35723D2194340D001BAE76 /* KKCanvas.h */,
				1A35723E2194340D001BAE76 /* KKCanvas.m */,
			);
			path = KK;
			sourceTree = "<group>";
		};
		1A4502F82186E50600F7F0E4 /* document */ = {
			isa = PBXGroup;
			children = (
				1A4502FB2186E50600F7F0E4 /* element.h */,
				1A4502FE2186E50700F7F0E4 /* element.cc */,
				1A4502FD2186E50700F7F0E4 /* document.h */,
				1A4502FA2186E50600F7F0E4 /* document.cc */,
				1A4502F92186E50600F7F0E4 /* archiver.h */,
				1A4502FC2186E50700F7F0E4 /* archiver.cc */,
			);
			name = document;
			path = ../../document;
			sourceTree = "<group>";
		};
		1A4502FF2186E50700F7F0E4 /* core */ = {
			isa = PBXGroup;
			children = (
				1A4503022186E50700F7F0E4 /* kk.h */,
				1A4503042186E50700F7F0E4 /* kk.cc */,
				1A4503002186E50700F7F0E4 /* bio.h */,
				1A4503032186E50700F7F0E4 /* bio.cc */,
				ACB9EF652187D197002FFAA0 /* dispatch-GCD.cc */,
				1A4503072186E50700F7F0E4 /* dispatch.h */,
				1A4503012186E50700F7F0E4 /* event.h */,
				1A4503082186E50700F7F0E4 /* event.cc */,
				1A4503052186E50700F7F0E4 /* jit.h */,
				1A4503092186E50700F7F0E4 /* jit.cc */,
				1A357241219439D5001BAE76 /* container.h */,
				1AB8DA3F2189C41900909DFF /* timer.h */,
				1AB8DA402189C58D00909DFF /* timer.cc */,
			);
			name = core;
			path = ../../core;
			sourceTree = "<group>";
		};
		1A45030B2186E50700F7F0E4 /* ui */ = {
			isa = PBXGroup;
			children = (
				1A45030C2186E50700F7F0E4 /* ui.h */,
				1A45030F2186E50700F7F0E4 /* ui.cc */,
				1A45030E2186E50700F7F0E4 /* view.h */,
				1A45030D2186E50700F7F0E4 /* view.cc */,
				1A4503112186E50700F7F0E4 /* CGContext.h */,
				1A4503102186E50700F7F0E4 /* CGContext.cc */,
				1AB8D9EE2187193600909DFF /* app.h */,
				1AB8D9EF2187194000909DFF /* app.cc */,
				1AB8DA32218984EF00909DFF /* page.h */,
				1AB8DA332189857E00909DFF /* page.cc */,
			);
			name = ui;
			path = ../../ui;
			sourceTree = "<group>";
		};
		1A4503282186E54D00F7F0E4 /* duktape */ = {
			isa = PBXGroup;
			children = (
				1A4503292186E54D00F7F0E4 /* duk_config.h */,
				1A45032A2186E54D00F7F0E4 /* duk_config_debug.h */,
				1A45032B2186E54D00F7F0E4 /* duktape.h */,
				1A45032D2186E54D00F7F0E4 /* duktape.c */,
			);
			name = duktape;
			path = ../../lib/duktape/src;
			sourceTree = "<group>";
		};
		1AB8DA1221897B6200909DFF /* Demo */ = {
			isa = PBXGroup;
			children = (
				1A3571EF219004EF001BAE76 /* main */,
				1AB8DA1321897B6200909DFF /* AppDelegate.h */,
				1AB8DA1421897B6200909DFF /* AppDelegate.m */,
				1A35720D21916F62001BAE76 /* ViewController.h */,
				1A35720E21916F62001BAE76 /* ViewController.m */,
				1AB8DA1921897B6200909DFF /* Main.storyboard */,
				1AB8DA1C21897B6400909DFF /* Assets.xcassets */,
				1AB8DA1E21897B6400909DFF /* LaunchScreen.storyboard */,
				1AB8DA2121897B6400909DFF /* Info.plist */,
				1AB8DA2221897B6500909DFF /* main.m */,
			);
			path = Demo;
			sourceTree = "<group>";
		};
		1AF639832186F49B00557AD3 /* Frameworks */ = {
			isa = PBXGroup;
			children = (
				1AC3A215218ABEC6003563DF /* WebKit.framework */,
				1AC3A1F6218AAF65003563DF /* libc++.tbd */,
				1AF639862186FBAD00557AD3 /* UIKit.framework */,
				1AF639842186F49B00557AD3 /* CoreGraphics.framework */,
			);
			name = Frameworks;
			sourceTree = "<group>";
		};
/* End PBXGroup section */

/* Begin PBXHeadersBuildPhase section */
		1A4502E82186E4EA00F7F0E4 /* Headers */ = {
			isa = PBXHeadersBuildPhase;
			buildActionMask = 2147483647;
			files = (
				1A4503122186E50700F7F0E4 /* archiver.h in Headers */,
				1A45031F2186E50700F7F0E4 /* dispatch.h in Headers */,
				1A4502F22186E4EA00F7F0E4 /* KK.h in Headers */,
				1AB8DA3721898DF500909DFF /* KKPage.h in Headers */,
				1A4503302186E54D00F7F0E4 /* duktape.h in Headers */,
				1A35723B21942634001BAE76 /* UITextView+KKViewProtocol.h in Headers */,
				1AB8DA2B21897BC200909DFF /* KKApp.h in Headers */,
				1AB8D9D02186FE0C00909DFF /* KKViewProtocol.h in Headers */,
				1A45031D2186E50700F7F0E4 /* jit.h in Headers */,
				1A4503222186E50700F7F0E4 /* ui.h in Headers */,
				1A4503242186E50700F7F0E4 /* view.h in Headers */,
				1A45031A2186E50700F7F0E4 /* kk.h in Headers */,
				1A4503142186E50700F7F0E4 /* element.h in Headers */,
				1A35723F2194340D001BAE76 /* KKCanvas.h in Headers */,
				1A4503272186E50700F7F0E4 /* CGContext.h in Headers */,
				1AB8DA302189839300909DFF /* UIView+KKViewProtocol.h in Headers */,
				1A4503192186E50700F7F0E4 /* event.h in Headers */,
				1A45032E2186E54D00F7F0E4 /* duk_config.h in Headers */,
				1A4503162186E50700F7F0E4 /* document.h in Headers */,
				1AB081F3218BF424003835D4 /* KKObject.h in Headers */,
				1AB8DA3D218992E200909DFF /* KKPageViewController.h in Headers */,
				1A3572332194258D001BAE76 /* UIScrollView+KKViewProtocol.h in Headers */,
				1A357237219425D6001BAE76 /* UITextField+KKViewProtocol.h in Headers */,
				1A4503182186E50700F7F0E4 /* bio.h in Headers */,
				1A35722F21942514001BAE76 /* WKWebView+KKViewProtocol.h in Headers */,
			);
			runOnlyForDeploymentPostprocessing = 0;
		};
/* End PBXHeadersBuildPhase section */

/* Begin PBXNativeTarget section */
		1A4502EC2186E4EA00F7F0E4 /* KK */ = {
			isa = PBXNativeTarget;
			buildConfigurationList = 1A4502F52186E4EA00F7F0E4 /* Build configuration list for PBXNativeTarget "KK" */;
			buildPhases = (
				1A4502E82186E4EA00F7F0E4 /* Headers */,
				1A4502E92186E4EA00F7F0E4 /* Sources */,
				1A4502EA2186E4EA00F7F0E4 /* Frameworks */,
				1A4502EB2186E4EA00F7F0E4 /* Resources */,
			);
			buildRules = (
			);
			dependencies = (
			);
			name = KK;
			productName = KK;
			productReference = 1A4502ED2186E4EA00F7F0E4 /* KK.framework */;
			productType = "com.apple.product-type.framework";
		};
		1AB8DA1021897B6100909DFF /* Demo */ = {
			isa = PBXNativeTarget;
			buildConfigurationList = 1AB8DA2621897B6500909DFF /* Build configuration list for PBXNativeTarget "Demo" */;
			buildPhases = (
				1AB8DA0D21897B6100909DFF /* Sources */,
				1AB8DA0E21897B6100909DFF /* Frameworks */,
				1AB8DA0F21897B6100909DFF /* Resources */,
				1AC3A1F5218AAEAF003563DF /* Embed Frameworks */,
			);
			buildRules = (
			);
			dependencies = (
				1AB8DA2821897B7100909DFF /* PBXTargetDependency */,
			);
			name = Demo;
			productName = Demo;
			productReference = 1AB8DA1121897B6100909DFF /* Demo.app */;
			productType = "com.apple.product-type.application";
		};
/* End PBXNativeTarget section */

/* Begin PBXProject section */
		1A4502E42186E4E900F7F0E4 /* Project object */ = {
			isa = PBXProject;
			attributes = {
				LastUpgradeCheck = 1000;
				ORGANIZATIONNAME = kkmofang.cn;
				TargetAttributes = {
					1A4502EC2186E4EA00F7F0E4 = {
						CreatedOnToolsVersion = 10.0;
					};
					1AB8DA1021897B6100909DFF = {
						CreatedOnToolsVersion = 10.0;
					};
				};
			};
			buildConfigurationList = 1A4502E72186E4E900F7F0E4 /* Build configuration list for PBXProject "KK" */;
			compatibilityVersion = "Xcode 9.3";
			developmentRegion = en;
			hasScannedForEncodings = 0;
			knownRegions = (
				en,
				Base,
			);
			mainGroup = 1A4502E32186E4E900F7F0E4;
			productRefGroup = 1A4502EE2186E4EA00F7F0E4 /* Products */;
			projectDirPath = "";
			projectRoot = "";
			targets = (
				1A4502EC2186E4EA00F7F0E4 /* KK */,
				1AB8DA1021897B6100909DFF /* Demo */,
			);
		};
/* End PBXProject section */

/* Begin PBXResourcesBuildPhase section */
		1A4502EB2186E4EA00F7F0E4 /* Resources */ = {
			isa = PBXResourcesBuildPhase;
			buildActionMask = 2147483647;
			files = (
			);
			runOnlyForDeploymentPostprocessing = 0;
		};
		1AB8DA0F21897B6100909DFF /* Resources */ = {
			isa = PBXResourcesBuildPhase;
			buildActionMask = 2147483647;
			files = (
				1AB8DA2021897B6400909DFF /* LaunchScreen.storyboard in Resources */,
				1A3571F0219004EF001BAE76 /* main in Resources */,
				1AB8DA1D21897B6400909DFF /* Assets.xcassets in Resources */,
				1AB8DA1B21897B6200909DFF /* Main.storyboard in Resources */,
			);
			runOnlyForDeploymentPostprocessing = 0;
		};
/* End PBXResourcesBuildPhase section */

/* Begin PBXSourcesBuildPhase section */
		1A4502E92186E4EA00F7F0E4 /* Sources */ = {
			isa = PBXSourcesBuildPhase;
			buildActionMask = 2147483647;
			files = (
				1AB8DA2C21897BC200909DFF /* KKApp.mm in Sources */,
				1A45031B2186E50700F7F0E4 /* bio.cc in Sources */,
				1A35723C21942634001BAE76 /* UITextView+KKViewProtocol.mm in Sources */,
				1AB8DA3821898DF500909DFF /* KKPage.mm in Sources */,
				1AB8DA412189C58D00909DFF /* timer.cc in Sources */,
				1A4503212186E50700F7F0E4 /* jit.cc in Sources */,
				1A4503132186E50700F7F0E4 /* document.cc in Sources */,
				1A35723021942514001BAE76 /* WKWebView+KKViewProtocol.mm in Sources */,
				1A45031C2186E50700F7F0E4 /* kk.cc in Sources */,
				1A4503322186E54D00F7F0E4 /* duktape.c in Sources */,
				1A4503172186E50700F7F0E4 /* element.cc in Sources */,
				1A3572402194340D001BAE76 /* KKCanvas.m in Sources */,
				ACB9EF662187D198002FFAA0 /* dispatch-GCD.cc in Sources */,
				1A4503202186E50700F7F0E4 /* event.cc in Sources */,
				1AB8DA312189839300909DFF /* UIView+KKViewProtocol.mm in Sources */,
				1A4503232186E50700F7F0E4 /* view.cc in Sources */,
				1A357238219425D6001BAE76 /* UITextField+KKViewProtocol.mm in Sources */,
				1AF639892186FC1800557AD3 /* View.mm in Sources */,
				1AB8D9F02187194000909DFF /* app.cc in Sources */,
				1AB081F4218BF424003835D4 /* KKObject.mm in Sources */,
				1AB8DA342189857E00909DFF /* page.cc in Sources */,
				1A4503152186E50700F7F0E4 /* archiver.cc in Sources */,
				1AB8DA3E218992E200909DFF /* KKPageViewController.m in Sources */,
				1A4503352186E67200F7F0E4 /* CGContext.mm in Sources */,
				1A4503262186E50700F7F0E4 /* CGContext.cc in Sources */,
				1A3572342194258D001BAE76 /* UIScrollView+KKViewProtocol.mm in Sources */,
				1A4503252186E50700F7F0E4 /* ui.cc in Sources */,
				1AC10E8D2186EE0E006C5D5C /* Image.mm in Sources */,
			);
			runOnlyForDeploymentPostprocessing = 0;
		};
		1AB8DA0D21897B6100909DFF /* Sources */ = {
			isa = PBXSourcesBuildPhase;
			buildActionMask = 2147483647;
			files = (
				1A35720F21916F62001BAE76 /* ViewController.m in Sources */,
				1AB8DA2321897B6500909DFF /* main.m in Sources */,
				1AB8DA1521897B6200909DFF /* AppDelegate.m in Sources */,
			);
			runOnlyForDeploymentPostprocessing = 0;
		};
/* End PBXSourcesBuildPhase section */

/* Begin PBXTargetDependency section */
		1AB8DA2821897B7100909DFF /* PBXTargetDependency */ = {
			isa = PBXTargetDependency;
			target = 1A4502EC2186E4EA00F7F0E4 /* KK */;
			targetProxy = 1AB8DA2721897B7100909DFF /* PBXContainerItemProxy */;
		};
/* End PBXTargetDependency section */

/* Begin PBXVariantGroup section */
		1AB8DA1921897B6200909DFF /* Main.storyboard */ = {
			isa = PBXVariantGroup;
			children = (
				1AB8DA1A21897B6200909DFF /* Base */,
			);
			name = Main.storyboard;
			sourceTree = "<group>";
		};
		1AB8DA1E21897B6400909DFF /* LaunchScreen.storyboard */ = {
			isa = PBXVariantGroup;
			children = (
				1AB8DA1F21897B6400909DFF /* Base */,
			);
			name = LaunchScreen.storyboard;
			sourceTree = "<group>";
		};
/* End PBXVariantGroup section */

/* Begin XCBuildConfiguration section */
		1A4502F32186E4EA00F7F0E4 /* Debug */ = {
			isa = XCBuildConfiguration;
			buildSettings = {
				ALWAYS_SEARCH_USER_PATHS = NO;
				CLANG_ANALYZER_NONNULL = YES;
				CLANG_ANALYZER_NUMBER_OBJECT_CONVERSION = YES_AGGRESSIVE;
				CLANG_CXX_LANGUAGE_STANDARD = "gnu++14";
				CLANG_CXX_LIBRARY = "libc++";
				CLANG_ENABLE_MODULES = YES;
				CLANG_ENABLE_OBJC_ARC = YES;
				CLANG_ENABLE_OBJC_WEAK = YES;
				CLANG_WARN_BLOCK_CAPTURE_AUTORELEASING = YES;
				CLANG_WARN_BOOL_CONVERSION = YES;
				CLANG_WARN_COMMA = YES;
				CLANG_WARN_CONSTANT_CONVERSION = YES;
				CLANG_WARN_DEPRECATED_OBJC_IMPLEMENTATIONS = YES;
				CLANG_WARN_DIRECT_OBJC_ISA_USAGE = YES_ERROR;
				CLANG_WARN_DOCUMENTATION_COMMENTS = YES;
				CLANG_WARN_EMPTY_BODY = YES;
				CLANG_WARN_ENUM_CONVERSION = YES;
				CLANG_WARN_INFINITE_RECURSION = YES;
				CLANG_WARN_INT_CONVERSION = YES;
				CLANG_WARN_NON_LITERAL_NULL_CONVERSION = YES;
				CLANG_WARN_OBJC_IMPLICIT_RETAIN_SELF = YES;
				CLANG_WARN_OBJC_LITERAL_CONVERSION = YES;
				CLANG_WARN_OBJC_ROOT_CLASS = YES_ERROR;
				CLANG_WARN_RANGE_LOOP_ANALYSIS = YES;
				CLANG_WARN_STRICT_PROTOTYPES = YES;
				CLANG_WARN_SUSPICIOUS_MOVE = YES;
				CLANG_WARN_UNGUARDED_AVAILABILITY = YES_AGGRESSIVE;
				CLANG_WARN_UNREACHABLE_CODE = YES;
				CLANG_WARN__DUPLICATE_METHOD_MATCH = YES;
				CODE_SIGN_IDENTITY = "iPhone Developer";
				COPY_PHASE_STRIP = NO;
				CURRENT_PROJECT_VERSION = 1;
				DEBUG_INFORMATION_FORMAT = dwarf;
				ENABLE_STRICT_OBJC_MSGSEND = YES;
				ENABLE_TESTABILITY = YES;
				GCC_C_LANGUAGE_STANDARD = gnu11;
				GCC_DYNAMIC_NO_PIC = NO;
				GCC_NO_COMMON_BLOCKS = YES;
				GCC_OPTIMIZATION_LEVEL = 0;
				GCC_PREPROCESSOR_DEFINITIONS = (
					"DEBUG=1",
					"$(inherited)",
				);
				GCC_WARN_64_TO_32_BIT_CONVERSION = YES;
				GCC_WARN_ABOUT_RETURN_TYPE = YES_ERROR;
				GCC_WARN_UNDECLARED_SELECTOR = YES;
				GCC_WARN_UNINITIALIZED_AUTOS = YES_AGGRESSIVE;
				GCC_WARN_UNUSED_FUNCTION = YES;
				GCC_WARN_UNUSED_VARIABLE = YES;
				IPHONEOS_DEPLOYMENT_TARGET = 12.0;
				MTL_ENABLE_DEBUG_INFO = INCLUDE_SOURCE;
				MTL_FAST_MATH = YES;
				ONLY_ACTIVE_ARCH = YES;
				SDKROOT = iphoneos;
				VERSIONING_SYSTEM = "apple-generic";
				VERSION_INFO_PREFIX = "";
			};
			name = Debug;
		};
		1A4502F42186E4EA00F7F0E4 /* Release */ = {
			isa = XCBuildConfiguration;
			buildSettings = {
				ALWAYS_SEARCH_USER_PATHS = NO;
				CLANG_ANALYZER_NONNULL = YES;
				CLANG_ANALYZER_NUMBER_OBJECT_CONVERSION = YES_AGGRESSIVE;
				CLANG_CXX_LANGUAGE_STANDARD = "gnu++14";
				CLANG_CXX_LIBRARY = "libc++";
				CLANG_ENABLE_MODULES = YES;
				CLANG_ENABLE_OBJC_ARC = YES;
				CLANG_ENABLE_OBJC_WEAK = YES;
				CLANG_WARN_BLOCK_CAPTURE_AUTORELEASING = YES;
				CLANG_WARN_BOOL_CONVERSION = YES;
				CLANG_WARN_COMMA = YES;
				CLANG_WARN_CONSTANT_CONVERSION = YES;
				CLANG_WARN_DEPRECATED_OBJC_IMPLEMENTATIONS = YES;
				CLANG_WARN_DIRECT_OBJC_ISA_USAGE = YES_ERROR;
				CLANG_WARN_DOCUMENTATION_COMMENTS = YES;
				CLANG_WARN_EMPTY_BODY = YES;
				CLANG_WARN_ENUM_CONVERSION = YES;
				CLANG_WARN_INFINITE_RECURSION = YES;
				CLANG_WARN_INT_CONVERSION = YES;
				CLANG_WARN_NON_LITERAL_NULL_CONVERSION = YES;
				CLANG_WARN_OBJC_IMPLICIT_RETAIN_SELF = YES;
				CLANG_WARN_OBJC_LITERAL_CONVERSION = YES;
				CLANG_WARN_OBJC_ROOT_CLASS = YES_ERROR;
				CLANG_WARN_RANGE_LOOP_ANALYSIS = YES;
				CLANG_WARN_STRICT_PROTOTYPES = YES;
				CLANG_WARN_SUSPICIOUS_MOVE = YES;
				CLANG_WARN_UNGUARDED_AVAILABILITY = YES_AGGRESSIVE;
				CLANG_WARN_UNREACHABLE_CODE = YES;
				CLANG_WARN__DUPLICATE_METHOD_MATCH = YES;
				CODE_SIGN_IDENTITY = "iPhone Developer";
				COPY_PHASE_STRIP = NO;
				CURRENT_PROJECT_VERSION = 1;
				DEBUG_INFORMATION_FORMAT = "dwarf-with-dsym";
				ENABLE_NS_ASSERTIONS = NO;
				ENABLE_STRICT_OBJC_MSGSEND = YES;
				GCC_C_LANGUAGE_STANDARD = gnu11;
				GCC_NO_COMMON_BLOCKS = YES;
				GCC_WARN_64_TO_32_BIT_CONVERSION = YES;
				GCC_WARN_ABOUT_RETURN_TYPE = YES_ERROR;
				GCC_WARN_UNDECLARED_SELECTOR = YES;
				GCC_WARN_UNINITIALIZED_AUTOS = YES_AGGRESSIVE;
				GCC_WARN_UNUSED_FUNCTION = YES;
				GCC_WARN_UNUSED_VARIABLE = YES;
				IPHONEOS_DEPLOYMENT_TARGET = 12.0;
				MTL_ENABLE_DEBUG_INFO = NO;
				MTL_FAST_MATH = YES;
				SDKROOT = iphoneos;
				VALIDATE_PRODUCT = YES;
				VERSIONING_SYSTEM = "apple-generic";
				VERSION_INFO_PREFIX = "";
			};
			name = Release;
		};
		1A4502F62186E4EA00F7F0E4 /* Debug */ = {
			isa = XCBuildConfiguration;
			buildSettings = {
				CLANG_CXX_LANGUAGE_STANDARD = "c++0x";
				CODE_SIGN_IDENTITY = "";
				CODE_SIGN_STYLE = Automatic;
				DEFINES_MODULE = YES;
				DEVELOPMENT_TEAM = BQQ2Y9B27K;
				DYLIB_COMPATIBILITY_VERSION = 1;
				DYLIB_CURRENT_VERSION = 1;
				DYLIB_INSTALL_NAME_BASE = "@rpath";
				HEADER_SEARCH_PATHS = (
					../,
					../lib/duktape/src,
				);
				INFOPLIST_FILE = KK/Info.plist;
				INSTALL_PATH = "$(LOCAL_LIBRARY_DIR)/Frameworks";
				IPHONEOS_DEPLOYMENT_TARGET = 9.0;
				LD_RUNPATH_SEARCH_PATHS = (
					"$(inherited)",
					"@executable_path/Frameworks",
					"@loader_path/Frameworks",
				);
				PRODUCT_BUNDLE_IDENTIFIER = cn.kkmofang.KK;
				PRODUCT_NAME = "$(TARGET_NAME:c99extidentifier)";
				SKIP_INSTALL = YES;
				TARGETED_DEVICE_FAMILY = "1,2";
			};
			name = Debug;
		};
		1A4502F72186E4EA00F7F0E4 /* Release */ = {
			isa = XCBuildConfiguration;
			buildSettings = {
				CLANG_CXX_LANGUAGE_STANDARD = "c++0x";
				CODE_SIGN_IDENTITY = "";
				CODE_SIGN_STYLE = Automatic;
				DEFINES_MODULE = YES;
				DEVELOPMENT_TEAM = BQQ2Y9B27K;
				DYLIB_COMPATIBILITY_VERSION = 1;
				DYLIB_CURRENT_VERSION = 1;
				DYLIB_INSTALL_NAME_BASE = "@rpath";
				HEADER_SEARCH_PATHS = (
					../,
					../lib/duktape/src,
				);
				INFOPLIST_FILE = KK/Info.plist;
				INSTALL_PATH = "$(LOCAL_LIBRARY_DIR)/Frameworks";
				IPHONEOS_DEPLOYMENT_TARGET = 9.0;
				LD_RUNPATH_SEARCH_PATHS = (
					"$(inherited)",
					"@executable_path/Frameworks",
					"@loader_path/Frameworks",
				);
				PRODUCT_BUNDLE_IDENTIFIER = cn.kkmofang.KK;
				PRODUCT_NAME = "$(TARGET_NAME:c99extidentifier)";
				SKIP_INSTALL = YES;
				TARGETED_DEVICE_FAMILY = "1,2";
			};
			name = Release;
		};
		1AB8DA2421897B6500909DFF /* Debug */ = {
			isa = XCBuildConfiguration;
			buildSettings = {
				ASSETCATALOG_COMPILER_APPICON_NAME = AppIcon;
				CODE_SIGN_STYLE = Automatic;
				DEVELOPMENT_TEAM = BQQ2Y9B27K;
				INFOPLIST_FILE = Demo/Info.plist;
				IPHONEOS_DEPLOYMENT_TARGET = 9.0;
				LD_RUNPATH_SEARCH_PATHS = (
					"$(inherited)",
					"@executable_path/Frameworks",
				);
				PRODUCT_BUNDLE_IDENTIFIER = cn.kkmofang.Demo;
				PRODUCT_NAME = "$(TARGET_NAME)";
				TARGETED_DEVICE_FAMILY = "1,2";
			};
			name = Debug;
		};
		1AB8DA2521897B6500909DFF /* Release */ = {
			isa = XCBuildConfiguration;
			buildSettings = {
				ASSETCATALOG_COMPILER_APPICON_NAME = AppIcon;
				CODE_SIGN_STYLE = Automatic;
				DEVELOPMENT_TEAM = BQQ2Y9B27K;
				INFOPLIST_FILE = Demo/Info.plist;
				IPHONEOS_DEPLOYMENT_TARGET = 9.0;
				LD_RUNPATH_SEARCH_PATHS = (
					"$(inherited)",
					"@executable_path/Frameworks",
				);
				PRODUCT_BUNDLE_IDENTIFIER = cn.kkmofang.Demo;
				PRODUCT_NAME = "$(TARGET_NAME)";
				TARGETED_DEVICE_FAMILY = "1,2";
			};
			name = Release;
		};
/* End XCBuildConfiguration section */

/* Begin XCConfigurationList section */
		1A4502E72186E4E900F7F0E4 /* Build configuration list for PBXProject "KK" */ = {
			isa = XCConfigurationList;
			buildConfigurations = (
				1A4502F32186E4EA00F7F0E4 /* Debug */,
				1A4502F42186E4EA00F7F0E4 /* Release */,
			);
			defaultConfigurationIsVisible = 0;
			defaultConfigurationName = Release;
		};
		1A4502F52186E4EA00F7F0E4 /* Build configuration list for PBXNativeTarget "KK" */ = {
			isa = XCConfigurationList;
			buildConfigurations = (
				1A4502F62186E4EA00F7F0E4 /* Debug */,
				1A4502F72186E4EA00F7F0E4 /* Release */,
			);
			defaultConfigurationIsVisible = 0;
			defaultConfigurationName = Release;
		};
		1AB8DA2621897B6500909DFF /* Build configuration list for PBXNativeTarget "Demo" */ = {
			isa = XCConfigurationList;
			buildConfigurations = (
				1AB8DA2421897B6500909DFF /* Debug */,
				1AB8DA2521897B6500909DFF /* Release */,
			);
			defaultConfigurationIsVisible = 0;
			defaultConfigurationName = Release;
		};
/* End XCConfigurationList section */
	};
	rootObject = 1A4502E42186E4E900F7F0E4 /* Project object */;
}
