// !$*UTF8*$!
{
	archiveVersion = 1;
	classes = {
	};
	objectVersion = 50;
	objects = {

/* Begin PBXBuildFile section */
		1A089CFC21831F8E000908F3 /* event.cc in Sources */ = {isa = PBXBuildFile; fileRef = 1A089CFB21831F8E000908F3 /* event.cc */; };
		1A98BAA02180464E00A3ED72 /* main.cpp in Sources */ = {isa = PBXBuildFile; fileRef = 1A98BA9F2180464E00A3ED72 /* main.cpp */; };
		1A98BAAF2180468700A3ED72 /* kk.cc in Sources */ = {isa = PBXBuildFile; fileRef = 1A98BAAE2180468700A3ED72 /* kk.cc */; };
		1A98BAB321806C2A00A3ED72 /* jit.cc in Sources */ = {isa = PBXBuildFile; fileRef = 1A98BAB121806C2A00A3ED72 /* jit.cc */; };
		1A98BAC321806CF500A3ED72 /* duktape.c in Sources */ = {isa = PBXBuildFile; fileRef = 1A98BAC121806CF500A3ED72 /* duktape.c */; };
		ACB9EF4A2183F1F5002FFAA0 /* dispatch-GCD.cc in Sources */ = {isa = PBXBuildFile; fileRef = ACB9EF492183F1F5002FFAA0 /* dispatch-GCD.cc */; };
/* End PBXBuildFile section */

/* Begin PBXCopyFilesBuildPhase section */
		1A98BA9A2180464E00A3ED72 /* CopyFiles */ = {
			isa = PBXCopyFilesBuildPhase;
			buildActionMask = 2147483647;
			dstPath = /usr/share/man/man1/;
			dstSubfolderSpec = 0;
			files = (
			);
			runOnlyForDeploymentPostprocessing = 1;
		};
/* End PBXCopyFilesBuildPhase section */

/* Begin PBXFileReference section */
		1A089CFA21831F76000908F3 /* event.h */ = {isa = PBXFileReference; lastKnownFileType = sourcecode.c.h; path = event.h; sourceTree = "<group>"; };
		1A089CFB21831F8E000908F3 /* event.cc */ = {isa = PBXFileReference; lastKnownFileType = sourcecode.cpp.cpp; path = event.cc; sourceTree = "<group>"; };
		1A98BA9C2180464E00A3ED72 /* kk */ = {isa = PBXFileReference; explicitFileType = "compiled.mach-o.executable"; includeInIndex = 0; path = kk; sourceTree = BUILT_PRODUCTS_DIR; };
		1A98BA9F2180464E00A3ED72 /* main.cpp */ = {isa = PBXFileReference; lastKnownFileType = sourcecode.cpp.cpp; path = main.cpp; sourceTree = "<group>"; };
		1A98BAAD2180467D00A3ED72 /* kk.h */ = {isa = PBXFileReference; lastKnownFileType = sourcecode.c.h; path = kk.h; sourceTree = "<group>"; };
		1A98BAAE2180468700A3ED72 /* kk.cc */ = {isa = PBXFileReference; lastKnownFileType = sourcecode.cpp.cpp; path = kk.cc; sourceTree = "<group>"; };
		1A98BAB021806C1C00A3ED72 /* jit.h */ = {isa = PBXFileReference; lastKnownFileType = sourcecode.c.h; path = jit.h; sourceTree = "<group>"; };
		1A98BAB121806C2A00A3ED72 /* jit.cc */ = {isa = PBXFileReference; lastKnownFileType = sourcecode.cpp.cpp; path = jit.cc; sourceTree = "<group>"; };
		1A98BAC021806CF500A3ED72 /* duk_config.h */ = {isa = PBXFileReference; fileEncoding = 4; lastKnownFileType = sourcecode.c.h; path = duk_config.h; sourceTree = "<group>"; };
		1A98BAC121806CF500A3ED72 /* duktape.c */ = {isa = PBXFileReference; fileEncoding = 4; lastKnownFileType = sourcecode.c.c; path = duktape.c; sourceTree = "<group>"; };
		1A98BAC221806CF500A3ED72 /* duktape.h */ = {isa = PBXFileReference; fileEncoding = 4; lastKnownFileType = sourcecode.c.h; path = duktape.h; sourceTree = "<group>"; };
		1ADA68C92182E1E9004FD840 /* ui.h */ = {isa = PBXFileReference; lastKnownFileType = sourcecode.c.h; path = ui.h; sourceTree = "<group>"; };
		1ADA68CB2182E1E9004FD840 /* jit.h */ = {isa = PBXFileReference; lastKnownFileType = sourcecode.c.h; path = jit.h; sourceTree = "<group>"; };
		1ADA68CC2182E8AF004FD840 /* dispatch_v1.h */ = {isa = PBXFileReference; lastKnownFileType = sourcecode.c.h; path = dispatch_v1.h; sourceTree = "<group>"; };
		1ADA68CD2182E8C3004FD840 /* dispatch_v1.cc */ = {isa = PBXFileReference; lastKnownFileType = sourcecode.cpp.cpp; path = dispatch_v1.cc; sourceTree = "<group>"; };
		ACB9EF482183F1F5002FFAA0 /* dispatch.h */ = {isa = PBXFileReference; fileEncoding = 4; lastKnownFileType = sourcecode.c.h; path = dispatch.h; sourceTree = "<group>"; };
		ACB9EF492183F1F5002FFAA0 /* dispatch-GCD.cc */ = {isa = PBXFileReference; fileEncoding = 4; lastKnownFileType = sourcecode.cpp.cpp; path = "dispatch-GCD.cc"; sourceTree = "<group>"; };
/* End PBXFileReference section */

/* Begin PBXFrameworksBuildPhase section */
		1A98BA992180464E00A3ED72 /* Frameworks */ = {
			isa = PBXFrameworksBuildPhase;
			buildActionMask = 2147483647;
			files = (
			);
			runOnlyForDeploymentPostprocessing = 0;
		};
/* End PBXFrameworksBuildPhase section */

/* Begin PBXGroup section */
		1A98BA932180464E00A3ED72 = {
			isa = PBXGroup;
			children = (
				1A98BA9E2180464E00A3ED72 /* kk */,
				1A98BA9D2180464E00A3ED72 /* Products */,
			);
			sourceTree = "<group>";
		};
		1A98BA9D2180464E00A3ED72 /* Products */ = {
			isa = PBXGroup;
			children = (
				1A98BA9C2180464E00A3ED72 /* kk */,
			);
			name = Products;
			sourceTree = "<group>";
		};
		1A98BA9E2180464E00A3ED72 /* kk */ = {
			isa = PBXGroup;
			children = (
				1ADA68C82182E1E9004FD840 /* native */,
				1A98BABF21806CCD00A3ED72 /* duktape */,
				1A98BAAC2180466500A3ED72 /* kk */,
				1A98BA9F2180464E00A3ED72 /* main.cpp */,
			);
			path = kk;
			sourceTree = "<group>";
		};
		1A98BAAC2180466500A3ED72 /* kk */ = {
			isa = PBXGroup;
			children = (
				1A98BAAD2180467D00A3ED72 /* kk.h */,
				1A98BAAE2180468700A3ED72 /* kk.cc */,
				1A98BAB021806C1C00A3ED72 /* jit.h */,
				1A98BAB121806C2A00A3ED72 /* jit.cc */,
				1A089CFA21831F76000908F3 /* event.h */,
				1A089CFB21831F8E000908F3 /* event.cc */,
				ACB9EF482183F1F5002FFAA0 /* dispatch.h */,
				ACB9EF492183F1F5002FFAA0 /* dispatch-GCD.cc */,
				1ADA68CC2182E8AF004FD840 /* dispatch_v1.h */,
				1ADA68CD2182E8C3004FD840 /* dispatch_v1.cc */,
			);
			name = kk;
			path = ../../kk;
			sourceTree = "<group>";
		};
		1A98BABF21806CCD00A3ED72 /* duktape */ = {
			isa = PBXGroup;
			children = (
				1A98BAC021806CF500A3ED72 /* duk_config.h */,
				1A98BAC121806CF500A3ED72 /* duktape.c */,
				1A98BAC221806CF500A3ED72 /* duktape.h */,
			);
			name = duktape;
			path = ../../lib/duktape/src;
			sourceTree = "<group>";
		};
		1ADA68C82182E1E9004FD840 /* native */ = {
			isa = PBXGroup;
			children = (
				1ADA68C92182E1E9004FD840 /* ui.h */,
				1ADA68CB2182E1E9004FD840 /* jit.h */,
			);
			name = native;
			path = ../../native;
			sourceTree = "<group>";
		};
/* End PBXGroup section */

/* Begin PBXNativeTarget section */
		1A98BA9B2180464E00A3ED72 /* kk */ = {
			isa = PBXNativeTarget;
			buildConfigurationList = 1A98BAA32180464E00A3ED72 /* Build configuration list for PBXNativeTarget "kk" */;
			buildPhases = (
				1A98BA982180464E00A3ED72 /* Sources */,
				1A98BA992180464E00A3ED72 /* Frameworks */,
				1A98BA9A2180464E00A3ED72 /* CopyFiles */,
			);
			buildRules = (
			);
			dependencies = (
			);
			name = kk;
			productName = kk;
			productReference = 1A98BA9C2180464E00A3ED72 /* kk */;
			productType = "com.apple.product-type.tool";
		};
/* End PBXNativeTarget section */

/* Begin PBXProject section */
		1A98BA942180464E00A3ED72 /* Project object */ = {
			isa = PBXProject;
			attributes = {
				LastUpgradeCheck = 1000;
				ORGANIZATIONNAME = kkmofang.cn;
				TargetAttributes = {
					1A98BA9B2180464E00A3ED72 = {
						CreatedOnToolsVersion = 10.0;
					};
				};
			};
			buildConfigurationList = 1A98BA972180464E00A3ED72 /* Build configuration list for PBXProject "kk" */;
			compatibilityVersion = "Xcode 9.3";
			developmentRegion = en;
			hasScannedForEncodings = 0;
			knownRegions = (
				en,
			);
			mainGroup = 1A98BA932180464E00A3ED72;
			productRefGroup = 1A98BA9D2180464E00A3ED72 /* Products */;
			projectDirPath = "";
			projectRoot = "";
			targets = (
				1A98BA9B2180464E00A3ED72 /* kk */,
			);
		};
/* End PBXProject section */

/* Begin PBXSourcesBuildPhase section */
		1A98BA982180464E00A3ED72 /* Sources */ = {
			isa = PBXSourcesBuildPhase;
			buildActionMask = 2147483647;
			files = (
				ACB9EF4A2183F1F5002FFAA0 /* dispatch-GCD.cc in Sources */,
				1A98BAC321806CF500A3ED72 /* duktape.c in Sources */,
				1A98BAB321806C2A00A3ED72 /* jit.cc in Sources */,
				1A98BAA02180464E00A3ED72 /* main.cpp in Sources */,
				1A089CFC21831F8E000908F3 /* event.cc in Sources */,
				1A98BAAF2180468700A3ED72 /* kk.cc in Sources */,
			);
			runOnlyForDeploymentPostprocessing = 0;
		};
/* End PBXSourcesBuildPhase section */

/* Begin XCBuildConfiguration section */
		1A98BAA12180464E00A3ED72 /* Debug */ = {
			isa = XCBuildConfiguration;
			buildSettings = {
				ALWAYS_SEARCH_USER_PATHS = NO;
				CLANG_ANALYZER_NONNULL = YES;
				CLANG_ANALYZER_NUMBER_OBJECT_CONVERSION = YES_AGGRESSIVE;
				CLANG_CXX_LANGUAGE_STANDARD = "gnu++14";
				CLANG_CXX_LIBRARY = "libc++";
				CLANG_ENABLE_MODULES = YES;
				CLANG_ENABLE_OBJC_ARC = YES;
				CLANG_ENABLE_OBJC_WEAK = YES;
				CLANG_WARN_BLOCK_CAPTURE_AUTORELEASING = YES;
				CLANG_WARN_BOOL_CONVERSION = YES;
				CLANG_WARN_COMMA = YES;
				CLANG_WARN_CONSTANT_CONVERSION = YES;
				CLANG_WARN_DEPRECATED_OBJC_IMPLEMENTATIONS = YES;
				CLANG_WARN_DIRECT_OBJC_ISA_USAGE = YES_ERROR;
				CLANG_WARN_DOCUMENTATION_COMMENTS = YES;
				CLANG_WARN_EMPTY_BODY = YES;
				CLANG_WARN_ENUM_CONVERSION = YES;
				CLANG_WARN_INFINITE_RECURSION = YES;
				CLANG_WARN_INT_CONVERSION = YES;
				CLANG_WARN_NON_LITERAL_NULL_CONVERSION = YES;
				CLANG_WARN_OBJC_IMPLICIT_RETAIN_SELF = YES;
				CLANG_WARN_OBJC_LITERAL_CONVERSION = YES;
				CLANG_WARN_OBJC_ROOT_CLASS = YES_ERROR;
				CLANG_WARN_RANGE_LOOP_ANALYSIS = YES;
				CLANG_WARN_STRICT_PROTOTYPES = YES;
				CLANG_WARN_SUSPICIOUS_MOVE = YES;
				CLANG_WARN_UNGUARDED_AVAILABILITY = YES_AGGRESSIVE;
				CLANG_WARN_UNREACHABLE_CODE = YES;
				CLANG_WARN__DUPLICATE_METHOD_MATCH = YES;
				CODE_SIGN_IDENTITY = "Mac Developer";
				COPY_PHASE_STRIP = NO;
				DEBUG_INFORMATION_FORMAT = dwarf;
				ENABLE_STRICT_OBJC_MSGSEND = YES;
				ENABLE_TESTABILITY = YES;
				GCC_C_LANGUAGE_STANDARD = gnu11;
				GCC_DYNAMIC_NO_PIC = NO;
				GCC_NO_COMMON_BLOCKS = YES;
				GCC_OPTIMIZATION_LEVEL = 0;
				GCC_PREPROCESSOR_DEFINITIONS = (
					"DEBUG=1",
					"$(inherited)",
				);
				GCC_WARN_64_TO_32_BIT_CONVERSION = YES;
				GCC_WARN_ABOUT_RETURN_TYPE = YES_ERROR;
				GCC_WARN_UNDECLARED_SELECTOR = YES;
				GCC_WARN_UNINITIALIZED_AUTOS = YES_AGGRESSIVE;
				GCC_WARN_UNUSED_FUNCTION = YES;
				GCC_WARN_UNUSED_VARIABLE = YES;
				MACOSX_DEPLOYMENT_TARGET = 10.13;
				MTL_ENABLE_DEBUG_INFO = INCLUDE_SOURCE;
				MTL_FAST_MATH = YES;
				ONLY_ACTIVE_ARCH = YES;
				SDKROOT = macosx;
			};
			name = Debug;
		};
		1A98BAA22180464E00A3ED72 /* Release */ = {
			isa = XCBuildConfiguration;
			buildSettings = {
				ALWAYS_SEARCH_USER_PATHS = NO;
				CLANG_ANALYZER_NONNULL = YES;
				CLANG_ANALYZER_NUMBER_OBJECT_CONVERSION = YES_AGGRESSIVE;
				CLANG_CXX_LANGUAGE_STANDARD = "gnu++14";
				CLANG_CXX_LIBRARY = "libc++";
				CLANG_ENABLE_MODULES = YES;
				CLANG_ENABLE_OBJC_ARC = YES;
				CLANG_ENABLE_OBJC_WEAK = YES;
				CLANG_WARN_BLOCK_CAPTURE_AUTORELEASING = YES;
				CLANG_WARN_BOOL_CONVERSION = YES;
				CLANG_WARN_COMMA = YES;
				CLANG_WARN_CONSTANT_CONVERSION = YES;
				CLANG_WARN_DEPRECATED_OBJC_IMPLEMENTATIONS = YES;
				CLANG_WARN_DIRECT_OBJC_ISA_USAGE = YES_ERROR;
				CLANG_WARN_DOCUMENTATION_COMMENTS = YES;
				CLANG_WARN_EMPTY_BODY = YES;
				CLANG_WARN_ENUM_CONVERSION = YES;
				CLANG_WARN_INFINITE_RECURSION = YES;
				CLANG_WARN_INT_CONVERSION = YES;
				CLANG_WARN_NON_LITERAL_NULL_CONVERSION = YES;
				CLANG_WARN_OBJC_IMPLICIT_RETAIN_SELF = YES;
				CLANG_WARN_OBJC_LITERAL_CONVERSION = YES;
				CLANG_WARN_OBJC_ROOT_CLASS = YES_ERROR;
				CLANG_WARN_RANGE_LOOP_ANALYSIS = YES;
				CLANG_WARN_STRICT_PROTOTYPES = YES;
				CLANG_WARN_SUSPICIOUS_MOVE = YES;
				CLANG_WARN_UNGUARDED_AVAILABILITY = YES_AGGRESSIVE;
				CLANG_WARN_UNREACHABLE_CODE = YES;
				CLANG_WARN__DUPLICATE_METHOD_MATCH = YES;
				CODE_SIGN_IDENTITY = "Mac Developer";
				COPY_PHASE_STRIP = NO;
				DEBUG_INFORMATION_FORMAT = "dwarf-with-dsym";
				ENABLE_NS_ASSERTIONS = NO;
				ENABLE_STRICT_OBJC_MSGSEND = YES;
				GCC_C_LANGUAGE_STANDARD = gnu11;
				GCC_NO_COMMON_BLOCKS = YES;
				GCC_WARN_64_TO_32_BIT_CONVERSION = YES;
				GCC_WARN_ABOUT_RETURN_TYPE = YES_ERROR;
				GCC_WARN_UNDECLARED_SELECTOR = YES;
				GCC_WARN_UNINITIALIZED_AUTOS = YES_AGGRESSIVE;
				GCC_WARN_UNUSED_FUNCTION = YES;
				GCC_WARN_UNUSED_VARIABLE = YES;
				MACOSX_DEPLOYMENT_TARGET = 10.13;
				MTL_ENABLE_DEBUG_INFO = NO;
				MTL_FAST_MATH = YES;
				SDKROOT = macosx;
			};
			name = Release;
		};
		1A98BAA42180464E00A3ED72 /* Debug */ = {
			isa = XCBuildConfiguration;
			buildSettings = {
				CLANG_CXX_LANGUAGE_STANDARD = "c++0x";
				CLANG_CXX_LIBRARY = "libc++";
				CODE_SIGN_STYLE = Automatic;
				DEVELOPMENT_TEAM = 8V7A9F9SCJ;
				HEADER_SEARCH_PATHS = (
					../,
					../lib/duktape/src,
				);
				PRODUCT_NAME = "$(TARGET_NAME)";
			};
			name = Debug;
		};
		1A98BAA52180464E00A3ED72 /* Release */ = {
			isa = XCBuildConfiguration;
			buildSettings = {
				CLANG_CXX_LANGUAGE_STANDARD = "c++0x";
				CLANG_CXX_LIBRARY = "libc++";
				CODE_SIGN_STYLE = Automatic;
				DEVELOPMENT_TEAM = 8V7A9F9SCJ;
				HEADER_SEARCH_PATHS = (
					../,
					../lib/duktape/src,
				);
				PRODUCT_NAME = "$(TARGET_NAME)";
			};
			name = Release;
		};
/* End XCBuildConfiguration section */

/* Begin XCConfigurationList section */
		1A98BA972180464E00A3ED72 /* Build configuration list for PBXProject "kk" */ = {
			isa = XCConfigurationList;
			buildConfigurations = (
				1A98BAA12180464E00A3ED72 /* Debug */,
				1A98BAA22180464E00A3ED72 /* Release */,
			);
			defaultConfigurationIsVisible = 0;
			defaultConfigurationName = Release;
		};
		1A98BAA32180464E00A3ED72 /* Build configuration list for PBXNativeTarget "kk" */ = {
			isa = XCConfigurationList;
			buildConfigurations = (
				1A98BAA42180464E00A3ED72 /* Debug */,
				1A98BAA52180464E00A3ED72 /* Release */,
			);
			defaultConfigurationIsVisible = 0;
			defaultConfigurationName = Release;
		};
/* End XCConfigurationList section */
	};
	rootObject = 1A98BA942180464E00A3ED72 /* Project object */;
}
