// !$*UTF8*$!
{
	archiveVersion = 1;
	classes = {
	};
	objectVersion = 50;
	objects = {

/* Begin PBXBuildFile section */
		1A19B054219924AF00321431 /* WX.h in Headers */ = {isa = PBXBuildFile; fileRef = 1A19B052219924AF00321431 /* WX.h */; settings = {ATTRIBUTES = (Public, ); }; };
		1A19B05D219925B800321431 /* WXLocation.h in Headers */ = {isa = PBXBuildFile; fileRef = 1A19B05C219925B800321431 /* WXLocation.h */; settings = {ATTRIBUTES = (Public, ); }; };
		1A19B05F2199285C00321431 /* WXLocation.m in Sources */ = {isa = PBXBuildFile; fileRef = 1A19B05E2199285C00321431 /* WXLocation.m */; };
		1A19B062219928D300321431 /* WXObject.h in Headers */ = {isa = PBXBuildFile; fileRef = 1A19B060219928D300321431 /* WXObject.h */; settings = {ATTRIBUTES = (Public, ); }; };
		1A19B063219928D300321431 /* WXObject.m in Sources */ = {isa = PBXBuildFile; fileRef = 1A19B061219928D300321431 /* WXObject.m */; };
		1A19B06C21992AD700321431 /* AppDelegate.m in Sources */ = {isa = PBXBuildFile; fileRef = 1A19B06B21992AD700321431 /* AppDelegate.m */; };
		1A19B06F21992AD700321431 /* ViewController.m in Sources */ = {isa = PBXBuildFile; fileRef = 1A19B06E21992AD700321431 /* ViewController.m */; };
		1A19B07221992AD700321431 /* Main.storyboard in Resources */ = {isa = PBXBuildFile; fileRef = 1A19B07021992AD700321431 /* Main.storyboard */; };
		1A19B07421992ADA00321431 /* Assets.xcassets in Resources */ = {isa = PBXBuildFile; fileRef = 1A19B07321992ADA00321431 /* Assets.xcassets */; };
		1A19B07721992ADA00321431 /* LaunchScreen.storyboard in Resources */ = {isa = PBXBuildFile; fileRef = 1A19B07521992ADA00321431 /* LaunchScreen.storyboard */; };
		1A19B07A21992ADA00321431 /* main.m in Sources */ = {isa = PBXBuildFile; fileRef = 1A19B07921992ADA00321431 /* main.m */; };
		1A19B08021992BBC00321431 /* WX.framework in Frameworks */ = {isa = PBXBuildFile; fileRef = 1A19B04F219924AF00321431 /* WX.framework */; };
		1A19B08121992BBC00321431 /* WX.framework in Embed Frameworks */ = {isa = PBXBuildFile; fileRef = 1A19B04F219924AF00321431 /* WX.framework */; settings = {ATTRIBUTES = (CodeSignOnCopy, RemoveHeadersOnCopy, ); }; };
		E91B717321AB8B0800700082 /* WXScreen.h in Headers */ = {isa = PBXBuildFile; fileRef = E91B717121AB8B0800700082 /* WXScreen.h */; settings = {ATTRIBUTES = (Public, ); }; };
		E91B717421AB8B0800700082 /* WXScreen.m in Sources */ = {isa = PBXBuildFile; fileRef = E91B717221AB8B0800700082 /* WXScreen.m */; };
		E91B717821AB9EAD00700082 /* ScreenViewController.m in Sources */ = {isa = PBXBuildFile; fileRef = E91B717621AB9EAD00700082 /* ScreenViewController.m */; };
		E91B717921AB9EAD00700082 /* ScreenViewController.xib in Resources */ = {isa = PBXBuildFile; fileRef = E91B717721AB9EAD00700082 /* ScreenViewController.xib */; };
		E91B717C21ABC3C700700082 /* WXVibrate.h in Headers */ = {isa = PBXBuildFile; fileRef = E91B717A21ABC3C700700082 /* WXVibrate.h */; settings = {ATTRIBUTES = (Public, ); }; };
		E91B717D21ABC3C700700082 /* WXVibrate.m in Sources */ = {isa = PBXBuildFile; fileRef = E91B717B21ABC3C700700082 /* WXVibrate.m */; };
		E91B718121ABC50600700082 /* VibrateViewController.m in Sources */ = {isa = PBXBuildFile; fileRef = E91B717F21ABC50600700082 /* VibrateViewController.m */; };
		E91B718221ABC50600700082 /* VibrateViewController.xib in Resources */ = {isa = PBXBuildFile; fileRef = E91B718021ABC50600700082 /* VibrateViewController.xib */; };
		E91B718521ABCF5900700082 /* WXWifi.h in Headers */ = {isa = PBXBuildFile; fileRef = E91B718321ABCF5900700082 /* WXWifi.h */; settings = {ATTRIBUTES = (Public, ); }; };
		E91B718621ABCF5900700082 /* WXWifi.m in Sources */ = {isa = PBXBuildFile; fileRef = E91B718421ABCF5900700082 /* WXWifi.m */; };
		E922E323219D177C00A7EC81 /* WXMotion.h in Headers */ = {isa = PBXBuildFile; fileRef = E922E321219D177C00A7EC81 /* WXMotion.h */; settings = {ATTRIBUTES = (Public, ); }; };
		E922E324219D177C00A7EC81 /* WXMotion.m in Sources */ = {isa = PBXBuildFile; fileRef = E922E322219D177C00A7EC81 /* WXMotion.m */; };
		E92836A421B912B400692125 /* WXRecorder.h in Headers */ = {isa = PBXBuildFile; fileRef = E92836A221B912B400692125 /* WXRecorder.h */; settings = {ATTRIBUTES = (Public, ); }; };
		E92836A521B912B400692125 /* WXRecorder.m in Sources */ = {isa = PBXBuildFile; fileRef = E92836A321B912B400692125 /* WXRecorder.m */; };
		E92836B021B926B300692125 /* RecorderViewController.xib in Resources */ = {isa = PBXBuildFile; fileRef = E92836AD21B926B200692125 /* RecorderViewController.xib */; };
		E92836B121B926B300692125 /* RecorderViewController.m in Sources */ = {isa = PBXBuildFile; fileRef = E92836AF21B926B300692125 /* RecorderViewController.m */; };
		E93756DD21A269DC00E740F1 /* WXClipboard.h in Headers */ = {isa = PBXBuildFile; fileRef = E93756DB21A269DC00E740F1 /* WXClipboard.h */; settings = {ATTRIBUTES = (Public, ); }; };
		E93756DE21A269DC00E740F1 /* WXClipboard.m in Sources */ = {isa = PBXBuildFile; fileRef = E93756DC21A269DC00E740F1 /* WXClipboard.m */; };
		E93756E221A2974E00E740F1 /* ClipboardViewController.m in Sources */ = {isa = PBXBuildFile; fileRef = E93756E021A2974E00E740F1 /* ClipboardViewController.m */; };
		E93756E321A2974E00E740F1 /* ClipboardViewController.xib in Resources */ = {isa = PBXBuildFile; fileRef = E93756E121A2974E00E740F1 /* ClipboardViewController.xib */; };
		E93756E621A2BCBE00E740F1 /* WXPhoneContact.h in Headers */ = {isa = PBXBuildFile; fileRef = E93756E421A2BCBE00E740F1 /* WXPhoneContact.h */; settings = {ATTRIBUTES = (Public, ); }; };
		E93756E721A2BCBE00E740F1 /* WXPhoneContact.m in Sources */ = {isa = PBXBuildFile; fileRef = E93756E521A2BCBE00E740F1 /* WXPhoneContact.m */; };
		E93CBE9621B7733D00967CA0 /* AppDelegate.m in Sources */ = {isa = PBXBuildFile; fileRef = E93CBE9521B7733D00967CA0 /* AppDelegate.m */; };
		E93CBE9921B7733D00967CA0 /* ViewController.m in Sources */ = {isa = PBXBuildFile; fileRef = E93CBE9821B7733D00967CA0 /* ViewController.m */; };
		E93CBE9C21B7733D00967CA0 /* Main.storyboard in Resources */ = {isa = PBXBuildFile; fileRef = E93CBE9A21B7733D00967CA0 /* Main.storyboard */; };
		E93CBE9E21B7733E00967CA0 /* Assets.xcassets in Resources */ = {isa = PBXBuildFile; fileRef = E93CBE9D21B7733E00967CA0 /* Assets.xcassets */; };
		E93CBEA121B7733E00967CA0 /* LaunchScreen.storyboard in Resources */ = {isa = PBXBuildFile; fileRef = E93CBE9F21B7733E00967CA0 /* LaunchScreen.storyboard */; };
		E93CBEA421B7733E00967CA0 /* main.m in Sources */ = {isa = PBXBuildFile; fileRef = E93CBEA321B7733E00967CA0 /* main.m */; };
		E93CBEAB21B7B13900967CA0 /* IBeaconViewController.m in Sources */ = {isa = PBXBuildFile; fileRef = E93CBEA921B7B13900967CA0 /* IBeaconViewController.m */; };
		E93CBEAC21B7B13900967CA0 /* IBeaconViewController.xib in Resources */ = {isa = PBXBuildFile; fileRef = E93CBEAA21B7B13900967CA0 /* IBeaconViewController.xib */; };
		E952965621ACF95300724CE4 /* BluetoothViewController.m in Sources */ = {isa = PBXBuildFile; fileRef = E952965421ACF95300724CE4 /* BluetoothViewController.m */; };
		E952965721ACF95300724CE4 /* BluetoothViewController.xib in Resources */ = {isa = PBXBuildFile; fileRef = E952965521ACF95300724CE4 /* BluetoothViewController.xib */; };
		E95F408421B66EFD00CFD56A /* WXIBeacon.h in Headers */ = {isa = PBXBuildFile; fileRef = E95F408221B66EFD00CFD56A /* WXIBeacon.h */; settings = {ATTRIBUTES = (Public, ); }; };
		E95F408521B66EFD00CFD56A /* WXIBeacon.m in Sources */ = {isa = PBXBuildFile; fileRef = E95F408321B66EFD00CFD56A /* WXIBeacon.m */; };
		E9B0234521A64FAE0035DB08 /* WXNetwork.h in Headers */ = {isa = PBXBuildFile; fileRef = E9B0234321A64FAE0035DB08 /* WXNetwork.h */; settings = {ATTRIBUTES = (Public, ); }; };
		E9B0234621A64FAE0035DB08 /* WXNetwork.m in Sources */ = {isa = PBXBuildFile; fileRef = E9B0234421A64FAE0035DB08 /* WXNetwork.m */; };
		E9B023AD21A68A090035DB08 /* WXMakePhoneCall.h in Headers */ = {isa = PBXBuildFile; fileRef = E9B023AB21A68A090035DB08 /* WXMakePhoneCall.h */; settings = {ATTRIBUTES = (Public, ); }; };
		E9B023AE21A68A090035DB08 /* WXMakePhoneCall.m in Sources */ = {isa = PBXBuildFile; fileRef = E9B023AC21A68A090035DB08 /* WXMakePhoneCall.m */; };
		E9B023B221A68C100035DB08 /* MakePhoneCallViewController.m in Sources */ = {isa = PBXBuildFile; fileRef = E9B023B021A68C100035DB08 /* MakePhoneCallViewController.m */; };
		E9B023B321A68C100035DB08 /* MakePhoneCallViewController.xib in Resources */ = {isa = PBXBuildFile; fileRef = E9B023B121A68C100035DB08 /* MakePhoneCallViewController.xib */; };
		E9B48A23219E67020051416D /* LocationViewController.m in Sources */ = {isa = PBXBuildFile; fileRef = E9B48A21219E67020051416D /* LocationViewController.m */; };
		E9B48A24219E67020051416D /* LocationViewController.xib in Resources */ = {isa = PBXBuildFile; fileRef = E9B48A22219E67020051416D /* LocationViewController.xib */; };
		E9B48A28219E68D20051416D /* AccelerometerViewController.m in Sources */ = {isa = PBXBuildFile; fileRef = E9B48A26219E68D20051416D /* AccelerometerViewController.m */; };
		E9B48A29219E68D20051416D /* AccelerometerViewController.xib in Resources */ = {isa = PBXBuildFile; fileRef = E9B48A27219E68D20051416D /* AccelerometerViewController.xib */; };
		E9B48A2C219E6EDB0051416D /* WXBattery.h in Headers */ = {isa = PBXBuildFile; fileRef = E9B48A2A219E6EDB0051416D /* WXBattery.h */; settings = {ATTRIBUTES = (Public, ); }; };
		E9B48A2D219E6EDB0051416D /* WXBattery.m in Sources */ = {isa = PBXBuildFile; fileRef = E9B48A2B219E6EDB0051416D /* WXBattery.m */; };
		E9B48A31219E8FE70051416D /* BatteryViewController.m in Sources */ = {isa = PBXBuildFile; fileRef = E9B48A2F219E8FE70051416D /* BatteryViewController.m */; };
		E9B48A32219E8FE70051416D /* BatteryViewController.xib in Resources */ = {isa = PBXBuildFile; fileRef = E9B48A30219E8FE70051416D /* BatteryViewController.xib */; };
		E9B48A35219EA8130051416D /* WXBluetooth.h in Headers */ = {isa = PBXBuildFile; fileRef = E9B48A33219EA8130051416D /* WXBluetooth.h */; settings = {ATTRIBUTES = (Public, ); }; };
		E9B48A36219EA8130051416D /* WXBluetooth.m in Sources */ = {isa = PBXBuildFile; fileRef = E9B48A34219EA8130051416D /* WXBluetooth.m */; };
		E9B48A40219EC0210051416D /* WXBLE.h in Headers */ = {isa = PBXBuildFile; fileRef = E9B48A3E219EC0210051416D /* WXBLE.h */; settings = {ATTRIBUTES = (Public, ); }; };
		E9B48A41219EC0210051416D /* WXBLE.m in Sources */ = {isa = PBXBuildFile; fileRef = E9B48A3F219EC0210051416D /* WXBLE.m */; };
		E9CBC93621A39CBE00EE3D1C /* PhoneContactViewController.m in Sources */ = {isa = PBXBuildFile; fileRef = E9CBC93421A39CBE00EE3D1C /* PhoneContactViewController.m */; };
		E9CBC93721A39CBE00EE3D1C /* PhoneContactViewController.xib in Resources */ = {isa = PBXBuildFile; fileRef = E9CBC93521A39CBE00EE3D1C /* PhoneContactViewController.xib */; };
/* End PBXBuildFile section */

/* Begin PBXContainerItemProxy section */
		1A19B07E21992BB300321431 /* PBXContainerItemProxy */ = {
			isa = PBXContainerItemProxy;
			containerPortal = 1A19B046219924AE00321431 /* Project object */;
			proxyType = 1;
			remoteGlobalIDString = 1A19B04E219924AF00321431;
			remoteInfo = WX;
		};
/* End PBXContainerItemProxy section */

/* Begin PBXCopyFilesBuildPhase section */
		1A19B08221992BBD00321431 /* Embed Frameworks */ = {
			isa = PBXCopyFilesBuildPhase;
			buildActionMask = 2147483647;
			dstPath = "";
			dstSubfolderSpec = 10;
			files = (
				1A19B08121992BBC00321431 /* WX.framework in Embed Frameworks */,
			);
			name = "Embed Frameworks";
			runOnlyForDeploymentPostprocessing = 0;
		};
/* End PBXCopyFilesBuildPhase section */

/* Begin PBXFileReference section */
		1A19B04F219924AF00321431 /* WX.framework */ = {isa = PBXFileReference; explicitFileType = wrapper.framework; includeInIndex = 0; path = WX.framework; sourceTree = BUILT_PRODUCTS_DIR; };
		1A19B052219924AF00321431 /* WX.h */ = {isa = PBXFileReference; lastKnownFileType = sourcecode.c.h; path = WX.h; sourceTree = "<group>"; };
		1A19B053219924AF00321431 /* Info.plist */ = {isa = PBXFileReference; lastKnownFileType = text.plist.xml; path = Info.plist; sourceTree = "<group>"; };
		1A19B05C219925B800321431 /* WXLocation.h */ = {isa = PBXFileReference; lastKnownFileType = sourcecode.c.h; path = WXLocation.h; sourceTree = "<group>"; };
		1A19B05E2199285C00321431 /* WXLocation.m */ = {isa = PBXFileReference; lastKnownFileType = sourcecode.c.objc; path = WXLocation.m; sourceTree = "<group>"; };
		1A19B060219928D300321431 /* WXObject.h */ = {isa = PBXFileReference; lastKnownFileType = sourcecode.c.h; path = WXObject.h; sourceTree = "<group>"; };
		1A19B061219928D300321431 /* WXObject.m */ = {isa = PBXFileReference; lastKnownFileType = sourcecode.c.objc; path = WXObject.m; sourceTree = "<group>"; };
		1A19B06821992AD700321431 /* demo.app */ = {isa = PBXFileReference; explicitFileType = wrapper.application; includeInIndex = 0; path = demo.app; sourceTree = BUILT_PRODUCTS_DIR; };
		1A19B06A21992AD700321431 /* AppDelegate.h */ = {isa = PBXFileReference; lastKnownFileType = sourcecode.c.h; path = AppDelegate.h; sourceTree = "<group>"; };
		1A19B06B21992AD700321431 /* AppDelegate.m */ = {isa = PBXFileReference; lastKnownFileType = sourcecode.c.objc; path = AppDelegate.m; sourceTree = "<group>"; };
		1A19B06D21992AD700321431 /* ViewController.h */ = {isa = PBXFileReference; lastKnownFileType = sourcecode.c.h; path = ViewController.h; sourceTree = "<group>"; };
		1A19B06E21992AD700321431 /* ViewController.m */ = {isa = PBXFileReference; lastKnownFileType = sourcecode.c.objc; path = ViewController.m; sourceTree = "<group>"; };
		1A19B07121992AD700321431 /* Base */ = {isa = PBXFileReference; lastKnownFileType = file.storyboard; name = Base; path = Base.lproj/Main.storyboard; sourceTree = "<group>"; };
		1A19B07321992ADA00321431 /* Assets.xcassets */ = {isa = PBXFileReference; lastKnownFileType = folder.assetcatalog; path = Assets.xcassets; sourceTree = "<group>"; };
		1A19B07621992ADA00321431 /* Base */ = {isa = PBXFileReference; lastKnownFileType = file.storyboard; name = Base; path = Base.lproj/LaunchScreen.storyboard; sourceTree = "<group>"; };
		1A19B07821992ADA00321431 /* Info.plist */ = {isa = PBXFileReference; lastKnownFileType = text.plist.xml; path = Info.plist; sourceTree = "<group>"; };
		1A19B07921992ADA00321431 /* main.m */ = {isa = PBXFileReference; lastKnownFileType = sourcecode.c.objc; path = main.m; sourceTree = "<group>"; };
		E91B717121AB8B0800700082 /* WXScreen.h */ = {isa = PBXFileReference; lastKnownFileType = sourcecode.c.h; path = WXScreen.h; sourceTree = "<group>"; };
		E91B717221AB8B0800700082 /* WXScreen.m */ = {isa = PBXFileReference; lastKnownFileType = sourcecode.c.objc; path = WXScreen.m; sourceTree = "<group>"; };
		E91B717521AB9EAD00700082 /* ScreenViewController.h */ = {isa = PBXFileReference; lastKnownFileType = sourcecode.c.h; path = ScreenViewController.h; sourceTree = "<group>"; };
		E91B717621AB9EAD00700082 /* ScreenViewController.m */ = {isa = PBXFileReference; lastKnownFileType = sourcecode.c.objc; path = ScreenViewController.m; sourceTree = "<group>"; };
		E91B717721AB9EAD00700082 /* ScreenViewController.xib */ = {isa = PBXFileReference; lastKnownFileType = file.xib; path = ScreenViewController.xib; sourceTree = "<group>"; };
		E91B717A21ABC3C700700082 /* WXVibrate.h */ = {isa = PBXFileReference; lastKnownFileType = sourcecode.c.h; path = WXVibrate.h; sourceTree = "<group>"; };
		E91B717B21ABC3C700700082 /* WXVibrate.m */ = {isa = PBXFileReference; lastKnownFileType = sourcecode.c.objc; path = WXVibrate.m; sourceTree = "<group>"; };
		E91B717E21ABC50600700082 /* VibrateViewController.h */ = {isa = PBXFileReference; lastKnownFileType = sourcecode.c.h; path = VibrateViewController.h; sourceTree = "<group>"; };
		E91B717F21ABC50600700082 /* VibrateViewController.m */ = {isa = PBXFileReference; lastKnownFileType = sourcecode.c.objc; path = VibrateViewController.m; sourceTree = "<group>"; };
		E91B718021ABC50600700082 /* VibrateViewController.xib */ = {isa = PBXFileReference; lastKnownFileType = file.xib; path = VibrateViewController.xib; sourceTree = "<group>"; };
		E91B718321ABCF5900700082 /* WXWifi.h */ = {isa = PBXFileReference; lastKnownFileType = sourcecode.c.h; path = WXWifi.h; sourceTree = "<group>"; };
		E91B718421ABCF5900700082 /* WXWifi.m */ = {isa = PBXFileReference; lastKnownFileType = sourcecode.c.objc; path = WXWifi.m; sourceTree = "<group>"; };
		E91B718921ABCFE000700082 /* demo.entitlements */ = {isa = PBXFileReference; lastKnownFileType = text.plist.entitlements; path = demo.entitlements; sourceTree = "<group>"; };
		E922E321219D177C00A7EC81 /* WXMotion.h */ = {isa = PBXFileReference; lastKnownFileType = sourcecode.c.h; path = WXMotion.h; sourceTree = "<group>"; };
		E922E322219D177C00A7EC81 /* WXMotion.m */ = {isa = PBXFileReference; lastKnownFileType = sourcecode.c.objc; path = WXMotion.m; sourceTree = "<group>"; };
		E92836A221B912B400692125 /* WXRecorder.h */ = {isa = PBXFileReference; lastKnownFileType = sourcecode.c.h; path = WXRecorder.h; sourceTree = "<group>"; };
		E92836A321B912B400692125 /* WXRecorder.m */ = {isa = PBXFileReference; lastKnownFileType = sourcecode.c.objc; path = WXRecorder.m; sourceTree = "<group>"; };
		E92836AD21B926B200692125 /* RecorderViewController.xib */ = {isa = PBXFileReference; fileEncoding = 4; lastKnownFileType = file.xib; path = RecorderViewController.xib; sourceTree = "<group>"; };
		E92836AE21B926B300692125 /* RecorderViewController.h */ = {isa = PBXFileReference; fileEncoding = 4; lastKnownFileType = sourcecode.c.h; path = RecorderViewController.h; sourceTree = "<group>"; };
		E92836AF21B926B300692125 /* RecorderViewController.m */ = {isa = PBXFileReference; fileEncoding = 4; lastKnownFileType = sourcecode.c.objc; path = RecorderViewController.m; sourceTree = "<group>"; };
		E93756DB21A269DC00E740F1 /* WXClipboard.h */ = {isa = PBXFileReference; lastKnownFileType = sourcecode.c.h; path = WXClipboard.h; sourceTree = "<group>"; };
		E93756DC21A269DC00E740F1 /* WXClipboard.m */ = {isa = PBXFileReference; lastKnownFileType = sourcecode.c.objc; path = WXClipboard.m; sourceTree = "<group>"; };
		E93756DF21A2974E00E740F1 /* ClipboardViewController.h */ = {isa = PBXFileReference; lastKnownFileType = sourcecode.c.h; path = ClipboardViewController.h; sourceTree = "<group>"; };
		E93756E021A2974E00E740F1 /* ClipboardViewController.m */ = {isa = PBXFileReference; lastKnownFileType = sourcecode.c.objc; path = ClipboardViewController.m; sourceTree = "<group>"; };
		E93756E121A2974E00E740F1 /* ClipboardViewController.xib */ = {isa = PBXFileReference; lastKnownFileType = file.xib; path = ClipboardViewController.xib; sourceTree = "<group>"; };
		E93756E421A2BCBE00E740F1 /* WXPhoneContact.h */ = {isa = PBXFileReference; lastKnownFileType = sourcecode.c.h; path = WXPhoneContact.h; sourceTree = "<group>"; };
		E93756E521A2BCBE00E740F1 /* WXPhoneContact.m */ = {isa = PBXFileReference; lastKnownFileType = sourcecode.c.objc; path = WXPhoneContact.m; sourceTree = "<group>"; };
		E93CBE9221B7733D00967CA0 /* IBeaconTest.app */ = {isa = PBXFileReference; explicitFileType = wrapper.application; includeInIndex = 0; path = IBeaconTest.app; sourceTree = BUILT_PRODUCTS_DIR; };
		E93CBE9421B7733D00967CA0 /* AppDelegate.h */ = {isa = PBXFileReference; lastKnownFileType = sourcecode.c.h; path = AppDelegate.h; sourceTree = "<group>"; };
		E93CBE9521B7733D00967CA0 /* AppDelegate.m */ = {isa = PBXFileReference; lastKnownFileType = sourcecode.c.objc; path = AppDelegate.m; sourceTree = "<group>"; };
		E93CBE9721B7733D00967CA0 /* ViewController.h */ = {isa = PBXFileReference; lastKnownFileType = sourcecode.c.h; path = ViewController.h; sourceTree = "<group>"; };
		E93CBE9821B7733D00967CA0 /* ViewController.m */ = {isa = PBXFileReference; lastKnownFileType = sourcecode.c.objc; path = ViewController.m; sourceTree = "<group>"; };
		E93CBE9B21B7733D00967CA0 /* Base */ = {isa = PBXFileReference; lastKnownFileType = file.storyboard; name = Base; path = Base.lproj/Main.storyboard; sourceTree = "<group>"; };
		E93CBE9D21B7733E00967CA0 /* Assets.xcassets */ = {isa = PBXFileReference; lastKnownFileType = folder.assetcatalog; path = Assets.xcassets; sourceTree = "<group>"; };
		E93CBEA021B7733E00967CA0 /* Base */ = {isa = PBXFileReference; lastKnownFileType = file.storyboard; name = Base; path = Base.lproj/LaunchScreen.storyboard; sourceTree = "<group>"; };
		E93CBEA221B7733E00967CA0 /* Info.plist */ = {isa = PBXFileReference; lastKnownFileType = text.plist.xml; path = Info.plist; sourceTree = "<group>"; };
		E93CBEA321B7733E00967CA0 /* main.m */ = {isa = PBXFileReference; lastKnownFileType = sourcecode.c.objc; path = main.m; sourceTree = "<group>"; };
		E93CBEA821B7B13900967CA0 /* IBeaconViewController.h */ = {isa = PBXFileReference; lastKnownFileType = sourcecode.c.h; path = IBeaconViewController.h; sourceTree = "<group>"; };
		E93CBEA921B7B13900967CA0 /* IBeaconViewController.m */ = {isa = PBXFileReference; lastKnownFileType = sourcecode.c.objc; path = IBeaconViewController.m; sourceTree = "<group>"; };
		E93CBEAA21B7B13900967CA0 /* IBeaconViewController.xib */ = {isa = PBXFileReference; lastKnownFileType = file.xib; path = IBeaconViewController.xib; sourceTree = "<group>"; };
		E952965321ACF95200724CE4 /* BluetoothViewController.h */ = {isa = PBXFileReference; lastKnownFileType = sourcecode.c.h; path = BluetoothViewController.h; sourceTree = "<group>"; };
		E952965421ACF95300724CE4 /* BluetoothViewController.m */ = {isa = PBXFileReference; lastKnownFileType = sourcecode.c.objc; path = BluetoothViewController.m; sourceTree = "<group>"; };
		E952965521ACF95300724CE4 /* BluetoothViewController.xib */ = {isa = PBXFileReference; lastKnownFileType = file.xib; path = BluetoothViewController.xib; sourceTree = "<group>"; };
		E95F408221B66EFD00CFD56A /* WXIBeacon.h */ = {isa = PBXFileReference; lastKnownFileType = sourcecode.c.h; path = WXIBeacon.h; sourceTree = "<group>"; };
		E95F408321B66EFD00CFD56A /* WXIBeacon.m */ = {isa = PBXFileReference; lastKnownFileType = sourcecode.c.objc; path = WXIBeacon.m; sourceTree = "<group>"; };
		E9B0234321A64FAE0035DB08 /* WXNetwork.h */ = {isa = PBXFileReference; lastKnownFileType = sourcecode.c.h; path = WXNetwork.h; sourceTree = "<group>"; };
		E9B0234421A64FAE0035DB08 /* WXNetwork.m */ = {isa = PBXFileReference; lastKnownFileType = sourcecode.c.objc; path = WXNetwork.m; sourceTree = "<group>"; };
		E9B023AB21A68A090035DB08 /* WXMakePhoneCall.h */ = {isa = PBXFileReference; lastKnownFileType = sourcecode.c.h; path = WXMakePhoneCall.h; sourceTree = "<group>"; };
		E9B023AC21A68A090035DB08 /* WXMakePhoneCall.m */ = {isa = PBXFileReference; lastKnownFileType = sourcecode.c.objc; path = WXMakePhoneCall.m; sourceTree = "<group>"; };
		E9B023AF21A68C100035DB08 /* MakePhoneCallViewController.h */ = {isa = PBXFileReference; lastKnownFileType = sourcecode.c.h; path = MakePhoneCallViewController.h; sourceTree = "<group>"; };
		E9B023B021A68C100035DB08 /* MakePhoneCallViewController.m */ = {isa = PBXFileReference; lastKnownFileType = sourcecode.c.objc; path = MakePhoneCallViewController.m; sourceTree = "<group>"; };
		E9B023B121A68C100035DB08 /* MakePhoneCallViewController.xib */ = {isa = PBXFileReference; lastKnownFileType = file.xib; path = MakePhoneCallViewController.xib; sourceTree = "<group>"; };
		E9B48A20219E67020051416D /* LocationViewController.h */ = {isa = PBXFileReference; lastKnownFileType = sourcecode.c.h; path = LocationViewController.h; sourceTree = "<group>"; };
		E9B48A21219E67020051416D /* LocationViewController.m */ = {isa = PBXFileReference; lastKnownFileType = sourcecode.c.objc; path = LocationViewController.m; sourceTree = "<group>"; };
		E9B48A22219E67020051416D /* LocationViewController.xib */ = {isa = PBXFileReference; lastKnownFileType = file.xib; path = LocationViewController.xib; sourceTree = "<group>"; };
		E9B48A25219E68D20051416D /* AccelerometerViewController.h */ = {isa = PBXFileReference; lastKnownFileType = sourcecode.c.h; path = AccelerometerViewController.h; sourceTree = "<group>"; };
		E9B48A26219E68D20051416D /* AccelerometerViewController.m */ = {isa = PBXFileReference; lastKnownFileType = sourcecode.c.objc; path = AccelerometerViewController.m; sourceTree = "<group>"; };
		E9B48A27219E68D20051416D /* AccelerometerViewController.xib */ = {isa = PBXFileReference; lastKnownFileType = file.xib; path = AccelerometerViewController.xib; sourceTree = "<group>"; };
		E9B48A2A219E6EDB0051416D /* WXBattery.h */ = {isa = PBXFileReference; lastKnownFileType = sourcecode.c.h; path = WXBattery.h; sourceTree = "<group>"; };
		E9B48A2B219E6EDB0051416D /* WXBattery.m */ = {isa = PBXFileReference; lastKnownFileType = sourcecode.c.objc; path = WXBattery.m; sourceTree = "<group>"; };
		E9B48A2E219E8FE70051416D /* BatteryViewController.h */ = {isa = PBXFileReference; lastKnownFileType = sourcecode.c.h; path = BatteryViewController.h; sourceTree = "<group>"; };
		E9B48A2F219E8FE70051416D /* BatteryViewController.m */ = {isa = PBXFileReference; lastKnownFileType = sourcecode.c.objc; path = BatteryViewController.m; sourceTree = "<group>"; };
		E9B48A30219E8FE70051416D /* BatteryViewController.xib */ = {isa = PBXFileReference; lastKnownFileType = file.xib; path = BatteryViewController.xib; sourceTree = "<group>"; };
		E9B48A33219EA8130051416D /* WXBluetooth.h */ = {isa = PBXFileReference; lastKnownFileType = sourcecode.c.h; path = WXBluetooth.h; sourceTree = "<group>"; };
		E9B48A34219EA8130051416D /* WXBluetooth.m */ = {isa = PBXFileReference; lastKnownFileType = sourcecode.c.objc; path = WXBluetooth.m; sourceTree = "<group>"; };
		E9B48A3E219EC0210051416D /* WXBLE.h */ = {isa = PBXFileReference; lastKnownFileType = sourcecode.c.h; path = WXBLE.h; sourceTree = "<group>"; };
		E9B48A3F219EC0210051416D /* WXBLE.m */ = {isa = PBXFileReference; lastKnownFileType = sourcecode.c.objc; path = WXBLE.m; sourceTree = "<group>"; };
		E9CBC93321A39CBE00EE3D1C /* PhoneContactViewController.h */ = {isa = PBXFileReference; lastKnownFileType = sourcecode.c.h; path = PhoneContactViewController.h; sourceTree = "<group>"; };
		E9CBC93421A39CBE00EE3D1C /* PhoneContactViewController.m */ = {isa = PBXFileReference; lastKnownFileType = sourcecode.c.objc; path = PhoneContactViewController.m; sourceTree = "<group>"; };
		E9CBC93521A39CBE00EE3D1C /* PhoneContactViewController.xib */ = {isa = PBXFileReference; lastKnownFileType = file.xib; path = PhoneContactViewController.xib; sourceTree = "<group>"; };
/* End PBXFileReference section */

/* Begin PBXFrameworksBuildPhase section */
		1A19B04C219924AF00321431 /* Frameworks */ = {
			isa = PBXFrameworksBuildPhase;
			buildActionMask = 2147483647;
			files = (
			);
			runOnlyForDeploymentPostprocessing = 0;
		};
		1A19B06521992AD700321431 /* Frameworks */ = {
			isa = PBXFrameworksBuildPhase;
			buildActionMask = 2147483647;
			files = (
				1A19B08021992BBC00321431 /* WX.framework in Frameworks */,
			);
			runOnlyForDeploymentPostprocessing = 0;
		};
		E93CBE8F21B7733D00967CA0 /* Frameworks */ = {
			isa = PBXFrameworksBuildPhase;
			buildActionMask = 2147483647;
			files = (
			);
			runOnlyForDeploymentPostprocessing = 0;
		};
/* End PBXFrameworksBuildPhase section */

/* Begin PBXGroup section */
		1A19B045219924AE00321431 = {
			isa = PBXGroup;
			children = (
				1A19B051219924AF00321431 /* WX */,
				1A19B06921992AD700321431 /* demo */,
				E93CBE9321B7733D00967CA0 /* IBeaconTest */,
				1A19B050219924AF00321431 /* Products */,
				E9B48A37219EA8C30051416D /* Frameworks */,
			);
			sourceTree = "<group>";
		};
		1A19B050219924AF00321431 /* Products */ = {
			isa = PBXGroup;
			children = (
				1A19B04F219924AF00321431 /* WX.framework */,
				1A19B06821992AD700321431 /* demo.app */,
				E93CBE9221B7733D00967CA0 /* IBeaconTest.app */,
			);
			name = Products;
			sourceTree = "<group>";
		};
		1A19B051219924AF00321431 /* WX */ = {
			isa = PBXGroup;
			children = (
				1A19B052219924AF00321431 /* WX.h */,
				1A19B060219928D300321431 /* WXObject.h */,
				1A19B061219928D300321431 /* WXObject.m */,
				1A19B05C219925B800321431 /* WXLocation.h */,
				1A19B05E2199285C00321431 /* WXLocation.m */,
				E95F408221B66EFD00CFD56A /* WXIBeacon.h */,
				E95F408321B66EFD00CFD56A /* WXIBeacon.m */,
				1A19B053219924AF00321431 /* Info.plist */,
				E922E321219D177C00A7EC81 /* WXMotion.h */,
				E922E322219D177C00A7EC81 /* WXMotion.m */,
				E9B48A2A219E6EDB0051416D /* WXBattery.h */,
				E9B48A2B219E6EDB0051416D /* WXBattery.m */,
				E9B48A33219EA8130051416D /* WXBluetooth.h */,
				E9B48A34219EA8130051416D /* WXBluetooth.m */,
				E9B48A3E219EC0210051416D /* WXBLE.h */,
				E9B48A3F219EC0210051416D /* WXBLE.m */,
				E93756DB21A269DC00E740F1 /* WXClipboard.h */,
				E93756DC21A269DC00E740F1 /* WXClipboard.m */,
				E93756E421A2BCBE00E740F1 /* WXPhoneContact.h */,
				E93756E521A2BCBE00E740F1 /* WXPhoneContact.m */,
				E9B0234321A64FAE0035DB08 /* WXNetwork.h */,
				E9B0234421A64FAE0035DB08 /* WXNetwork.m */,
				E9B023AB21A68A090035DB08 /* WXMakePhoneCall.h */,
				E9B023AC21A68A090035DB08 /* WXMakePhoneCall.m */,
				E91B717121AB8B0800700082 /* WXScreen.h */,
				E91B717221AB8B0800700082 /* WXScreen.m */,
				E91B717A21ABC3C700700082 /* WXVibrate.h */,
				E91B717B21ABC3C700700082 /* WXVibrate.m */,
				E91B718321ABCF5900700082 /* WXWifi.h */,
				E91B718421ABCF5900700082 /* WXWifi.m */,
				E92836A221B912B400692125 /* WXRecorder.h */,
				E92836A321B912B400692125 /* WXRecorder.m */,
			);
			path = WX;
			sourceTree = "<group>";
		};
		1A19B06921992AD700321431 /* demo */ = {
			isa = PBXGroup;
			children = (
				E91B718921ABCFE000700082 /* demo.entitlements */,
				E98DBB5D219D7889002CE813 /* view */,
				1A19B06A21992AD700321431 /* AppDelegate.h */,
				1A19B06B21992AD700321431 /* AppDelegate.m */,
				1A19B06D21992AD700321431 /* ViewController.h */,
				1A19B06E21992AD700321431 /* ViewController.m */,
				1A19B07021992AD700321431 /* Main.storyboard */,
				1A19B07321992ADA00321431 /* Assets.xcassets */,
				1A19B07521992ADA00321431 /* LaunchScreen.storyboard */,
				1A19B07821992ADA00321431 /* Info.plist */,
				1A19B07921992ADA00321431 /* main.m */,
			);
			path = demo;
			sourceTree = "<group>";
		};
		E92836AB21B9239900692125 /* Device */ = {
			isa = PBXGroup;
			children = (
				E9B48A20219E67020051416D /* LocationViewController.h */,
				E9B48A21219E67020051416D /* LocationViewController.m */,
				E9B48A22219E67020051416D /* LocationViewController.xib */,
				E9B48A25219E68D20051416D /* AccelerometerViewController.h */,
				E9B48A26219E68D20051416D /* AccelerometerViewController.m */,
				E9B48A27219E68D20051416D /* AccelerometerViewController.xib */,
				E9B48A2E219E8FE70051416D /* BatteryViewController.h */,
				E9B48A2F219E8FE70051416D /* BatteryViewController.m */,
				E9B48A30219E8FE70051416D /* BatteryViewController.xib */,
				E93756DF21A2974E00E740F1 /* ClipboardViewController.h */,
				E93756E021A2974E00E740F1 /* ClipboardViewController.m */,
				E93756E121A2974E00E740F1 /* ClipboardViewController.xib */,
				E9CBC93321A39CBE00EE3D1C /* PhoneContactViewController.h */,
				E9CBC93421A39CBE00EE3D1C /* PhoneContactViewController.m */,
				E9CBC93521A39CBE00EE3D1C /* PhoneContactViewController.xib */,
				E9B023AF21A68C100035DB08 /* MakePhoneCallViewController.h */,
				E9B023B021A68C100035DB08 /* MakePhoneCallViewController.m */,
				E9B023B121A68C100035DB08 /* MakePhoneCallViewController.xib */,
				E91B717521AB9EAD00700082 /* ScreenViewController.h */,
				E91B717621AB9EAD00700082 /* ScreenViewController.m */,
				E91B717721AB9EAD00700082 /* ScreenViewController.xib */,
				E91B717E21ABC50600700082 /* VibrateViewController.h */,
				E91B717F21ABC50600700082 /* VibrateViewController.m */,
				E91B718021ABC50600700082 /* VibrateViewController.xib */,
				E952965321ACF95200724CE4 /* BluetoothViewController.h */,
				E952965421ACF95300724CE4 /* BluetoothViewController.m */,
				E952965521ACF95300724CE4 /* BluetoothViewController.xib */,
				E93CBEA821B7B13900967CA0 /* IBeaconViewController.h */,
				E93CBEA921B7B13900967CA0 /* IBeaconViewController.m */,
				E93CBEAA21B7B13900967CA0 /* IBeaconViewController.xib */,
			);
			path = Device;
			sourceTree = "<group>";
		};
		E92836AC21B923BC00692125 /* Media */ = {
			isa = PBXGroup;
			children = (
				E92836AE21B926B300692125 /* RecorderViewController.h */,
				E92836AF21B926B300692125 /* RecorderViewController.m */,
				E92836AD21B926B200692125 /* RecorderViewController.xib */,
			);
			path = Media;
			sourceTree = "<group>";
		};
		E93CBE9321B7733D00967CA0 /* IBeaconTest */ = {
			isa = PBXGroup;
			children = (
				E93CBE9421B7733D00967CA0 /* AppDelegate.h */,
				E93CBE9521B7733D00967CA0 /* AppDelegate.m */,
				E93CBE9721B7733D00967CA0 /* ViewController.h */,
				E93CBE9821B7733D00967CA0 /* ViewController.m */,
				E93CBE9A21B7733D00967CA0 /* Main.storyboard */,
				E93CBE9D21B7733E00967CA0 /* Assets.xcassets */,
				E93CBE9F21B7733E00967CA0 /* LaunchScreen.storyboard */,
				E93CBEA221B7733E00967CA0 /* Info.plist */,
				E93CBEA321B7733E00967CA0 /* main.m */,
			);
			path = IBeaconTest;
			sourceTree = "<group>";
		};
		E98DBB5D219D7889002CE813 /* view */ = {
			isa = PBXGroup;
			children = (
				E92836AC21B923BC00692125 /* Media */,
				E92836AB21B9239900692125 /* Device */,
			);
			path = view;
			sourceTree = "<group>";
		};
		E9B48A37219EA8C30051416D /* Frameworks */ = {
			isa = PBXGroup;
			children = (
			);
			name = Frameworks;
			sourceTree = "<group>";
		};
/* End PBXGroup section */

/* Begin PBXHeadersBuildPhase section */
		1A19B04A219924AF00321431 /* Headers */ = {
			isa = PBXHeadersBuildPhase;
			buildActionMask = 2147483647;
			files = (
				1A19B054219924AF00321431 /* WX.h in Headers */,
				1A19B062219928D300321431 /* WXObject.h in Headers */,
				1A19B05D219925B800321431 /* WXLocation.h in Headers */,
				E922E323219D177C00A7EC81 /* WXMotion.h in Headers */,
				E9B48A2C219E6EDB0051416D /* WXBattery.h in Headers */,
				E9B48A35219EA8130051416D /* WXBluetooth.h in Headers */,
				E9B48A40219EC0210051416D /* WXBLE.h in Headers */,
				E93756DD21A269DC00E740F1 /* WXClipboard.h in Headers */,
				E93756E621A2BCBE00E740F1 /* WXPhoneContact.h in Headers */,
				E9B0234521A64FAE0035DB08 /* WXNetwork.h in Headers */,
				E91B717321AB8B0800700082 /* WXScreen.h in Headers */,
				E9B023AD21A68A090035DB08 /* WXMakePhoneCall.h in Headers */,
				E91B718521ABCF5900700082 /* WXWifi.h in Headers */,
				E95F408421B66EFD00CFD56A /* WXIBeacon.h in Headers */,
				E92836A421B912B400692125 /* WXRecorder.h in Headers */,
				E91B717C21ABC3C700700082 /* WXVibrate.h in Headers */,
			);
			runOnlyForDeploymentPostprocessing = 0;
		};
/* End PBXHeadersBuildPhase section */

/* Begin PBXNativeTarget section */
		1A19B04E219924AF00321431 /* WX */ = {
			isa = PBXNativeTarget;
			buildConfigurationList = 1A19B057219924AF00321431 /* Build configuration list for PBXNativeTarget "WX" */;
			buildPhases = (
				1A19B04A219924AF00321431 /* Headers */,
				1A19B04B219924AF00321431 /* Sources */,
				1A19B04C219924AF00321431 /* Frameworks */,
				1A19B04D219924AF00321431 /* Resources */,
			);
			buildRules = (
			);
			dependencies = (
			);
			name = WX;
			productName = WX;
			productReference = 1A19B04F219924AF00321431 /* WX.framework */;
			productType = "com.apple.product-type.framework";
		};
		1A19B06721992AD700321431 /* demo */ = {
			isa = PBXNativeTarget;
			buildConfigurationList = 1A19B07B21992ADA00321431 /* Build configuration list for PBXNativeTarget "demo" */;
			buildPhases = (
				1A19B06421992AD700321431 /* Sources */,
				1A19B06521992AD700321431 /* Frameworks */,
				1A19B06621992AD700321431 /* Resources */,
				1A19B08221992BBD00321431 /* Embed Frameworks */,
			);
			buildRules = (
			);
			dependencies = (
				1A19B07F21992BB300321431 /* PBXTargetDependency */,
			);
			name = demo;
			productName = demo;
			productReference = 1A19B06821992AD700321431 /* demo.app */;
			productType = "com.apple.product-type.application";
		};
		E93CBE9121B7733D00967CA0 /* IBeaconTest */ = {
			isa = PBXNativeTarget;
			buildConfigurationList = E93CBEA521B7733E00967CA0 /* Build configuration list for PBXNativeTarget "IBeaconTest" */;
			buildPhases = (
				E93CBE8E21B7733D00967CA0 /* Sources */,
				E93CBE8F21B7733D00967CA0 /* Frameworks */,
				E93CBE9021B7733D00967CA0 /* Resources */,
			);
			buildRules = (
			);
			dependencies = (
			);
			name = IBeaconTest;
			productName = IBeaconTest;
			productReference = E93CBE9221B7733D00967CA0 /* IBeaconTest.app */;
			productType = "com.apple.product-type.application";
		};
/* End PBXNativeTarget section */

/* Begin PBXProject section */
		1A19B046219924AE00321431 /* Project object */ = {
			isa = PBXProject;
			attributes = {
				LastUpgradeCheck = 1010;
				ORGANIZATIONNAME = kkmofang.cn;
				TargetAttributes = {
					1A19B04E219924AF00321431 = {
						CreatedOnToolsVersion = 10.1;
					};
					1A19B06721992AD700321431 = {
						CreatedOnToolsVersion = 10.1;
						SystemCapabilities = {
							com.apple.BackgroundModes = {
								enabled = 1;
							};
							com.apple.WAC = {
								enabled = 0;
							};
						};
					};
					E93CBE9121B7733D00967CA0 = {
						CreatedOnToolsVersion = 10.1;
					};
				};
			};
			buildConfigurationList = 1A19B049219924AE00321431 /* Build configuration list for PBXProject "WX" */;
			compatibilityVersion = "Xcode 9.3";
			developmentRegion = en;
			hasScannedForEncodings = 0;
			knownRegions = (
				en,
				Base,
			);
			mainGroup = 1A19B045219924AE00321431;
			productRefGroup = 1A19B050219924AF00321431 /* Products */;
			projectDirPath = "";
			projectRoot = "";
			targets = (
				1A19B04E219924AF00321431 /* WX */,
				1A19B06721992AD700321431 /* demo */,
				E93CBE9121B7733D00967CA0 /* IBeaconTest */,
			);
		};
/* End PBXProject section */

/* Begin PBXResourcesBuildPhase section */
		1A19B04D219924AF00321431 /* Resources */ = {
			isa = PBXResourcesBuildPhase;
			buildActionMask = 2147483647;
			files = (
			);
			runOnlyForDeploymentPostprocessing = 0;
		};
		1A19B06621992AD700321431 /* Resources */ = {
			isa = PBXResourcesBuildPhase;
			buildActionMask = 2147483647;
			files = (
				E92836B021B926B300692125 /* RecorderViewController.xib in Resources */,
				E9B48A32219E8FE70051416D /* BatteryViewController.xib in Resources */,
				E91B717921AB9EAD00700082 /* ScreenViewController.xib in Resources */,
				E91B718221ABC50600700082 /* VibrateViewController.xib in Resources */,
				E93CBEAC21B7B13900967CA0 /* IBeaconViewController.xib in Resources */,
				E9B023B321A68C100035DB08 /* MakePhoneCallViewController.xib in Resources */,
				1A19B07721992ADA00321431 /* LaunchScreen.storyboard in Resources */,
				E9B48A29219E68D20051416D /* AccelerometerViewController.xib in Resources */,
				E9CBC93721A39CBE00EE3D1C /* PhoneContactViewController.xib in Resources */,
				E93756E321A2974E00E740F1 /* ClipboardViewController.xib in Resources */,
				1A19B07421992ADA00321431 /* Assets.xcassets in Resources */,
				E952965721ACF95300724CE4 /* BluetoothViewController.xib in Resources */,
				1A19B07221992AD700321431 /* Main.storyboard in Resources */,
				E9B48A24219E67020051416D /* LocationViewController.xib in Resources */,
			);
			runOnlyForDeploymentPostprocessing = 0;
		};
		E93CBE9021B7733D00967CA0 /* Resources */ = {
			isa = PBXResourcesBuildPhase;
			buildActionMask = 2147483647;
			files = (
				E93CBEA121B7733E00967CA0 /* LaunchScreen.storyboard in Resources */,
				E93CBE9E21B7733E00967CA0 /* Assets.xcassets in Resources */,
				E93CBE9C21B7733D00967CA0 /* Main.storyboard in Resources */,
			);
			runOnlyForDeploymentPostprocessing = 0;
		};
/* End PBXResourcesBuildPhase section */

/* Begin PBXSourcesBuildPhase section */
		1A19B04B219924AF00321431 /* Sources */ = {
			isa = PBXSourcesBuildPhase;
			buildActionMask = 2147483647;
			files = (
				E93756E721A2BCBE00E740F1 /* WXPhoneContact.m in Sources */,
				E93756DE21A269DC00E740F1 /* WXClipboard.m in Sources */,
				E91B717D21ABC3C700700082 /* WXVibrate.m in Sources */,
				E9B48A41219EC0210051416D /* WXBLE.m in Sources */,
				E92836A521B912B400692125 /* WXRecorder.m in Sources */,
				E9B48A2D219E6EDB0051416D /* WXBattery.m in Sources */,
				1A19B05F2199285C00321431 /* WXLocation.m in Sources */,
				E9B48A36219EA8130051416D /* WXBluetooth.m in Sources */,
				1A19B063219928D300321431 /* WXObject.m in Sources */,
				E91B718621ABCF5900700082 /* WXWifi.m in Sources */,
				E922E324219D177C00A7EC81 /* WXMotion.m in Sources */,
				E95F408521B66EFD00CFD56A /* WXIBeacon.m in Sources */,
				E9B0234621A64FAE0035DB08 /* WXNetwork.m in Sources */,
				E91B717421AB8B0800700082 /* WXScreen.m in Sources */,
				E9B023AE21A68A090035DB08 /* WXMakePhoneCall.m in Sources */,
			);
			runOnlyForDeploymentPostprocessing = 0;
		};
		1A19B06421992AD700321431 /* Sources */ = {
			isa = PBXSourcesBuildPhase;
			buildActionMask = 2147483647;
			files = (
				1A19B06F21992AD700321431 /* ViewController.m in Sources */,
				E952965621ACF95300724CE4 /* BluetoothViewController.m in Sources */,
				1A19B07A21992ADA00321431 /* main.m in Sources */,
				E9B48A31219E8FE70051416D /* BatteryViewController.m in Sources */,
				E93756E221A2974E00E740F1 /* ClipboardViewController.m in Sources */,
				E91B717821AB9EAD00700082 /* ScreenViewController.m in Sources */,
				E92836B121B926B300692125 /* RecorderViewController.m in Sources */,
				E93CBEAB21B7B13900967CA0 /* IBeaconViewController.m in Sources */,
				1A19B06C21992AD700321431 /* AppDelegate.m in Sources */,
				E91B718121ABC50600700082 /* VibrateViewController.m in Sources */,
				E9B023B221A68C100035DB08 /* MakePhoneCallViewController.m in Sources */,
				E9CBC93621A39CBE00EE3D1C /* PhoneContactViewController.m in Sources */,
				E9B48A28219E68D20051416D /* AccelerometerViewController.m in Sources */,
				E9B48A23219E67020051416D /* LocationViewController.m in Sources */,
			);
			runOnlyForDeploymentPostprocessing = 0;
		};
		E93CBE8E21B7733D00967CA0 /* Sources */ = {
			isa = PBXSourcesBuildPhase;
			buildActionMask = 2147483647;
			files = (
				E93CBE9921B7733D00967CA0 /* ViewController.m in Sources */,
				E93CBEA421B7733E00967CA0 /* main.m in Sources */,
				E93CBE9621B7733D00967CA0 /* AppDelegate.m in Sources */,
			);
			runOnlyForDeploymentPostprocessing = 0;
		};
/* End PBXSourcesBuildPhase section */

/* Begin PBXTargetDependency section */
		1A19B07F21992BB300321431 /* PBXTargetDependency */ = {
			isa = PBXTargetDependency;
			target = 1A19B04E219924AF00321431 /* WX */;
			targetProxy = 1A19B07E21992BB300321431 /* PBXContainerItemProxy */;
		};
/* End PBXTargetDependency section */

/* Begin PBXVariantGroup section */
		1A19B07021992AD700321431 /* Main.storyboard */ = {
			isa = PBXVariantGroup;
			children = (
				1A19B07121992AD700321431 /* Base */,
			);
			name = Main.storyboard;
			sourceTree = "<group>";
		};
		1A19B07521992ADA00321431 /* LaunchScreen.storyboard */ = {
			isa = PBXVariantGroup;
			children = (
				1A19B07621992ADA00321431 /* Base */,
			);
			name = LaunchScreen.storyboard;
			sourceTree = "<group>";
		};
		E93CBE9A21B7733D00967CA0 /* Main.storyboard */ = {
			isa = PBXVariantGroup;
			children = (
				E93CBE9B21B7733D00967CA0 /* Base */,
			);
			name = Main.storyboard;
			sourceTree = "<group>";
		};
		E93CBE9F21B7733E00967CA0 /* LaunchScreen.storyboard */ = {
			isa = PBXVariantGroup;
			children = (
				E93CBEA021B7733E00967CA0 /* Base */,
			);
			name = LaunchScreen.storyboard;
			sourceTree = "<group>";
		};
/* End PBXVariantGroup section */

/* Begin XCBuildConfiguration section */
		1A19B055219924AF00321431 /* Debug */ = {
			isa = XCBuildConfiguration;
			buildSettings = {
				ALWAYS_SEARCH_USER_PATHS = NO;
				CLANG_ANALYZER_NONNULL = YES;
				CLANG_ANALYZER_NUMBER_OBJECT_CONVERSION = YES_AGGRESSIVE;
				CLANG_CXX_LANGUAGE_STANDARD = "gnu++14";
				CLANG_CXX_LIBRARY = "libc++";
				CLANG_ENABLE_MODULES = YES;
				CLANG_ENABLE_OBJC_ARC = YES;
				CLANG_ENABLE_OBJC_WEAK = YES;
				CLANG_WARN_BLOCK_CAPTURE_AUTORELEASING = YES;
				CLANG_WARN_BOOL_CONVERSION = YES;
				CLANG_WARN_COMMA = YES;
				CLANG_WARN_CONSTANT_CONVERSION = YES;
				CLANG_WARN_DEPRECATED_OBJC_IMPLEMENTATIONS = YES;
				CLANG_WARN_DIRECT_OBJC_ISA_USAGE = YES_ERROR;
				CLANG_WARN_DOCUMENTATION_COMMENTS = YES;
				CLANG_WARN_EMPTY_BODY = YES;
				CLANG_WARN_ENUM_CONVERSION = YES;
				CLANG_WARN_INFINITE_RECURSION = YES;
				CLANG_WARN_INT_CONVERSION = YES;
				CLANG_WARN_NON_LITERAL_NULL_CONVERSION = YES;
				CLANG_WARN_OBJC_IMPLICIT_RETAIN_SELF = YES;
				CLANG_WARN_OBJC_LITERAL_CONVERSION = YES;
				CLANG_WARN_OBJC_ROOT_CLASS = YES_ERROR;
				CLANG_WARN_RANGE_LOOP_ANALYSIS = YES;
				CLANG_WARN_STRICT_PROTOTYPES = YES;
				CLANG_WARN_SUSPICIOUS_MOVE = YES;
				CLANG_WARN_UNGUARDED_AVAILABILITY = YES_AGGRESSIVE;
				CLANG_WARN_UNREACHABLE_CODE = YES;
				CLANG_WARN__DUPLICATE_METHOD_MATCH = YES;
				CODE_SIGN_IDENTITY = "iPhone Developer";
				COPY_PHASE_STRIP = NO;
				CURRENT_PROJECT_VERSION = 1;
				DEBUG_INFORMATION_FORMAT = dwarf;
				ENABLE_STRICT_OBJC_MSGSEND = YES;
				ENABLE_TESTABILITY = YES;
				GCC_C_LANGUAGE_STANDARD = gnu11;
				GCC_DYNAMIC_NO_PIC = NO;
				GCC_NO_COMMON_BLOCKS = YES;
				GCC_OPTIMIZATION_LEVEL = 0;
				GCC_PREPROCESSOR_DEFINITIONS = (
					"DEBUG=1",
					"$(inherited)",
				);
				GCC_WARN_64_TO_32_BIT_CONVERSION = YES;
				GCC_WARN_ABOUT_RETURN_TYPE = YES_ERROR;
				GCC_WARN_UNDECLARED_SELECTOR = YES;
				GCC_WARN_UNINITIALIZED_AUTOS = YES_AGGRESSIVE;
				GCC_WARN_UNUSED_FUNCTION = YES;
				GCC_WARN_UNUSED_VARIABLE = YES;
				IPHONEOS_DEPLOYMENT_TARGET = 12.1;
				MTL_ENABLE_DEBUG_INFO = INCLUDE_SOURCE;
				MTL_FAST_MATH = YES;
				ONLY_ACTIVE_ARCH = YES;
				SDKROOT = iphoneos;
				VERSIONING_SYSTEM = "apple-generic";
				VERSION_INFO_PREFIX = "";
			};
			name = Debug;
		};
		1A19B056219924AF00321431 /* Release */ = {
			isa = XCBuildConfiguration;
			buildSettings = {
				ALWAYS_SEARCH_USER_PATHS = NO;
				CLANG_ANALYZER_NONNULL = YES;
				CLANG_ANALYZER_NUMBER_OBJECT_CONVERSION = YES_AGGRESSIVE;
				CLANG_CXX_LANGUAGE_STANDARD = "gnu++14";
				CLANG_CXX_LIBRARY = "libc++";
				CLANG_ENABLE_MODULES = YES;
				CLANG_ENABLE_OBJC_ARC = YES;
				CLANG_ENABLE_OBJC_WEAK = YES;
				CLANG_WARN_BLOCK_CAPTURE_AUTORELEASING = YES;
				CLANG_WARN_BOOL_CONVERSION = YES;
				CLANG_WARN_COMMA = YES;
				CLANG_WARN_CONSTANT_CONVERSION = YES;
				CLANG_WARN_DEPRECATED_OBJC_IMPLEMENTATIONS = YES;
				CLANG_WARN_DIRECT_OBJC_ISA_USAGE = YES_ERROR;
				CLANG_WARN_DOCUMENTATION_COMMENTS = YES;
				CLANG_WARN_EMPTY_BODY = YES;
				CLANG_WARN_ENUM_CONVERSION = YES;
				CLANG_WARN_INFINITE_RECURSION = YES;
				CLANG_WARN_INT_CONVERSION = YES;
				CLANG_WARN_NON_LITERAL_NULL_CONVERSION = YES;
				CLANG_WARN_OBJC_IMPLICIT_RETAIN_SELF = YES;
				CLANG_WARN_OBJC_LITERAL_CONVERSION = YES;
				CLANG_WARN_OBJC_ROOT_CLASS = YES_ERROR;
				CLANG_WARN_RANGE_LOOP_ANALYSIS = YES;
				CLANG_WARN_STRICT_PROTOTYPES = YES;
				CLANG_WARN_SUSPICIOUS_MOVE = YES;
				CLANG_WARN_UNGUARDED_AVAILABILITY = YES_AGGRESSIVE;
				CLANG_WARN_UNREACHABLE_CODE = YES;
				CLANG_WARN__DUPLICATE_METHOD_MATCH = YES;
				CODE_SIGN_IDENTITY = "iPhone Developer";
				COPY_PHASE_STRIP = NO;
				CURRENT_PROJECT_VERSION = 1;
				DEBUG_INFORMATION_FORMAT = "dwarf-with-dsym";
				ENABLE_NS_ASSERTIONS = NO;
				ENABLE_STRICT_OBJC_MSGSEND = YES;
				GCC_C_LANGUAGE_STANDARD = gnu11;
				GCC_NO_COMMON_BLOCKS = YES;
				GCC_WARN_64_TO_32_BIT_CONVERSION = YES;
				GCC_WARN_ABOUT_RETURN_TYPE = YES_ERROR;
				GCC_WARN_UNDECLARED_SELECTOR = YES;
				GCC_WARN_UNINITIALIZED_AUTOS = YES_AGGRESSIVE;
				GCC_WARN_UNUSED_FUNCTION = YES;
				GCC_WARN_UNUSED_VARIABLE = YES;
				IPHONEOS_DEPLOYMENT_TARGET = 12.1;
				MTL_ENABLE_DEBUG_INFO = NO;
				MTL_FAST_MATH = YES;
				SDKROOT = iphoneos;
				VALIDATE_PRODUCT = YES;
				VERSIONING_SYSTEM = "apple-generic";
				VERSION_INFO_PREFIX = "";
			};
			name = Release;
		};
		1A19B058219924AF00321431 /* Debug */ = {
			isa = XCBuildConfiguration;
			buildSettings = {
				CODE_SIGN_IDENTITY = "";
				CODE_SIGN_STYLE = Automatic;
				DEFINES_MODULE = YES;
				DEVELOPMENT_TEAM = 8V7A9F9SCJ;
				DYLIB_COMPATIBILITY_VERSION = 1;
				DYLIB_CURRENT_VERSION = 1;
				DYLIB_INSTALL_NAME_BASE = "@rpath";
				INFOPLIST_FILE = WX/Info.plist;
				INSTALL_PATH = "$(LOCAL_LIBRARY_DIR)/Frameworks";
				IPHONEOS_DEPLOYMENT_TARGET = 9.0;
				LD_RUNPATH_SEARCH_PATHS = (
					"$(inherited)",
					"@executable_path/Frameworks",
					"@loader_path/Frameworks",
				);
				PRODUCT_BUNDLE_IDENTIFIER = cn.kkmofang.WX;
				PRODUCT_NAME = "$(TARGET_NAME:c99extidentifier)";
				SKIP_INSTALL = YES;
				TARGETED_DEVICE_FAMILY = "1,2";
			};
			name = Debug;
		};
		1A19B059219924AF00321431 /* Release */ = {
			isa = XCBuildConfiguration;
			buildSettings = {
				CODE_SIGN_IDENTITY = "";
				CODE_SIGN_STYLE = Automatic;
				DEFINES_MODULE = YES;
				DEVELOPMENT_TEAM = 8V7A9F9SCJ;
				DYLIB_COMPATIBILITY_VERSION = 1;
				DYLIB_CURRENT_VERSION = 1;
				DYLIB_INSTALL_NAME_BASE = "@rpath";
				INFOPLIST_FILE = WX/Info.plist;
				INSTALL_PATH = "$(LOCAL_LIBRARY_DIR)/Frameworks";
				IPHONEOS_DEPLOYMENT_TARGET = 9.0;
				LD_RUNPATH_SEARCH_PATHS = (
					"$(inherited)",
					"@executable_path/Frameworks",
					"@loader_path/Frameworks",
				);
				PRODUCT_BUNDLE_IDENTIFIER = cn.kkmofang.WX;
				PRODUCT_NAME = "$(TARGET_NAME:c99extidentifier)";
				SKIP_INSTALL = YES;
				TARGETED_DEVICE_FAMILY = "1,2";
			};
			name = Release;
		};
		1A19B07C21992ADA00321431 /* Debug */ = {
			isa = XCBuildConfiguration;
			buildSettings = {
				ASSETCATALOG_COMPILER_APPICON_NAME = AppIcon;
				CODE_SIGN_STYLE = Automatic;
				DEVELOPMENT_TEAM = JC2EQSWR8C;
				INFOPLIST_FILE = demo/Info.plist;
				IPHONEOS_DEPLOYMENT_TARGET = 9.1;
				LD_RUNPATH_SEARCH_PATHS = (
					"$(inherited)",
					"@executable_path/Frameworks",
				);
				PRODUCT_BUNDLE_IDENTIFIER = cn.kkmofang.demo.zuowu;
				PRODUCT_NAME = "$(TARGET_NAME)";
				TARGETED_DEVICE_FAMILY = "1,2";
			};
			name = Debug;
		};
		1A19B07D21992ADA00321431 /* Release */ = {
			isa = XCBuildConfiguration;
			buildSettings = {
				ASSETCATALOG_COMPILER_APPICON_NAME = AppIcon;
				CODE_SIGN_STYLE = Automatic;
				DEVELOPMENT_TEAM = JC2EQSWR8C;
				INFOPLIST_FILE = demo/Info.plist;
				IPHONEOS_DEPLOYMENT_TARGET = 9.1;
				LD_RUNPATH_SEARCH_PATHS = (
					"$(inherited)",
					"@executable_path/Frameworks",
				);
				PRODUCT_BUNDLE_IDENTIFIER = cn.kkmofang.demo.zuowu;
				PRODUCT_NAME = "$(TARGET_NAME)";
				TARGETED_DEVICE_FAMILY = "1,2";
			};
			name = Release;
		};
		E93CBEA621B7733E00967CA0 /* Debug */ = {
			isa = XCBuildConfiguration;
			buildSettings = {
				ASSETCATALOG_COMPILER_APPICON_NAME = AppIcon;
				CODE_SIGN_STYLE = Automatic;
				DEVELOPMENT_TEAM = JC2EQSWR8C;
				INFOPLIST_FILE = IBeaconTest/Info.plist;
				IPHONEOS_DEPLOYMENT_TARGET = 9.0;
				LD_RUNPATH_SEARCH_PATHS = (
					"$(inherited)",
					"@executable_path/Frameworks",
				);
				PRODUCT_BUNDLE_IDENTIFIER = CZW.IBeaconTest;
				PRODUCT_NAME = "$(TARGET_NAME)";
				TARGETED_DEVICE_FAMILY = "1,2";
			};
			name = Debug;
		};
		E93CBEA721B7733E00967CA0 /* Release */ = {
			isa = XCBuildConfiguration;
			buildSettings = {
				ASSETCATALOG_COMPILER_APPICON_NAME = AppIcon;
				CODE_SIGN_STYLE = Automatic;
				DEVELOPMENT_TEAM = JC2EQSWR8C;
				INFOPLIST_FILE = IBeaconTest/Info.plist;
				IPHONEOS_DEPLOYMENT_TARGET = 9.0;
				LD_RUNPATH_SEARCH_PATHS = (
					"$(inherited)",
					"@executable_path/Frameworks",
				);
				PRODUCT_BUNDLE_IDENTIFIER = CZW.IBeaconTest;
				PRODUCT_NAME = "$(TARGET_NAME)";
				TARGETED_DEVICE_FAMILY = "1,2";
			};
			name = Release;
		};
/* End XCBuildConfiguration section */

/* Begin XCConfigurationList section */
		1A19B049219924AE00321431 /* Build configuration list for PBXProject "WX" */ = {
			isa = XCConfigurationList;
			buildConfigurations = (
				1A19B055219924AF00321431 /* Debug */,
				1A19B056219924AF00321431 /* Release */,
			);
			defaultConfigurationIsVisible = 0;
			defaultConfigurationName = Release;
		};
		1A19B057219924AF00321431 /* Build configuration list for PBXNativeTarget "WX" */ = {
			isa = XCConfigurationList;
			buildConfigurations = (
				1A19B058219924AF00321431 /* Debug */,
				1A19B059219924AF00321431 /* Release */,
			);
			defaultConfigurationIsVisible = 0;
			defaultConfigurationName = Release;
		};
		1A19B07B21992ADA00321431 /* Build configuration list for PBXNativeTarget "demo" */ = {
			isa = XCConfigurationList;
			buildConfigurations = (
				1A19B07C21992ADA00321431 /* Debug */,
				1A19B07D21992ADA00321431 /* Release */,
			);
			defaultConfigurationIsVisible = 0;
			defaultConfigurationName = Release;
		};
		E93CBEA521B7733E00967CA0 /* Build configuration list for PBXNativeTarget "IBeaconTest" */ = {
			isa = XCConfigurationList;
			buildConfigurations = (
				E93CBEA621B7733E00967CA0 /* Debug */,
				E93CBEA721B7733E00967CA0 /* Release */,
			);
			defaultConfigurationIsVisible = 0;
			defaultConfigurationName = Release;
		};
/* End XCConfigurationList section */
	};
	rootObject = 1A19B046219924AE00321431 /* Project object */;
}
